// !$*UTF8*$!
{
	archiveVersion = 1;
	classes = {
	};
	objectVersion = 56;
	objects = {

/* Begin PBXBuildFile section */
		0B51EA8055A9B04D95F110B8 /* Pods_TikTok.framework in Frameworks */ = {isa = PBXBuildFile; fileRef = 176BBAA14BFE835834A12403 /* Pods_TikTok.framework */; };
		9F13DC022B7A6599009202C7 /* AppDelegate.swift in Sources */ = {isa = PBXBuildFile; fileRef = 9F13DC012B7A6599009202C7 /* AppDelegate.swift */; };
		9F13DC042B7A6599009202C7 /* SceneDelegate.swift in Sources */ = {isa = PBXBuildFile; fileRef = 9F13DC032B7A6599009202C7 /* SceneDelegate.swift */; };
		9F13DC062B7A6599009202C7 /* HomeViewController.swift in Sources */ = {isa = PBXBuildFile; fileRef = 9F13DC052B7A6599009202C7 /* HomeViewController.swift */; };
		9F13DC0B2B7A659B009202C7 /* Assets.xcassets in Resources */ = {isa = PBXBuildFile; fileRef = 9F13DC0A2B7A659B009202C7 /* Assets.xcassets */; };
		9F13DC0E2B7A659B009202C7 /* LaunchScreen.storyboard in Resources */ = {isa = PBXBuildFile; fileRef = 9F13DC0C2B7A659B009202C7 /* LaunchScreen.storyboard */; };
		9F6BE5042B7B5CAB00D4DA6A /* ExploreViewController.swift in Sources */ = {isa = PBXBuildFile; fileRef = 9F6BE5032B7B5CAB00D4DA6A /* ExploreViewController.swift */; };
		9F6BE5062B7B5CB700D4DA6A /* CameraViewController.swift in Sources */ = {isa = PBXBuildFile; fileRef = 9F6BE5052B7B5CB700D4DA6A /* CameraViewController.swift */; };
		9F6BE5092B7B5CD200D4DA6A /* NotificationsViewController.swift in Sources */ = {isa = PBXBuildFile; fileRef = 9F6BE5082B7B5CD200D4DA6A /* NotificationsViewController.swift */; };
		9F6BE50B2B7B5DD100D4DA6A /* ProfileViewController.swift in Sources */ = {isa = PBXBuildFile; fileRef = 9F6BE50A2B7B5DD100D4DA6A /* ProfileViewController.swift */; };
		9F6BE50D2B7B5DEA00D4DA6A /* UserListViewController.swift in Sources */ = {isa = PBXBuildFile; fileRef = 9F6BE50C2B7B5DEA00D4DA6A /* UserListViewController.swift */; };
		9F6BE50F2B7B5E0200D4DA6A /* SignInViewController.swift in Sources */ = {isa = PBXBuildFile; fileRef = 9F6BE50E2B7B5E0200D4DA6A /* SignInViewController.swift */; };
		9F6BE5112B7B5E1200D4DA6A /* SignUpViewController.swift in Sources */ = {isa = PBXBuildFile; fileRef = 9F6BE5102B7B5E1200D4DA6A /* SignUpViewController.swift */; };
		9F6BE5132B7B5E2000D4DA6A /* SettingsViewController.swift in Sources */ = {isa = PBXBuildFile; fileRef = 9F6BE5122B7B5E2000D4DA6A /* SettingsViewController.swift */; };
		9F6BE5152B7B5E4A00D4DA6A /* TabBarViewController.swift in Sources */ = {isa = PBXBuildFile; fileRef = 9F6BE5142B7B5E4A00D4DA6A /* TabBarViewController.swift */; };
		9F6BE5192B7B614700D4DA6A /* PostViewController.swift in Sources */ = {isa = PBXBuildFile; fileRef = 9F6BE5182B7B614700D4DA6A /* PostViewController.swift */; };
		9F6BE51D2B7B616C00D4DA6A /* StorageManager.swift in Sources */ = {isa = PBXBuildFile; fileRef = 9F6BE51C2B7B616C00D4DA6A /* StorageManager.swift */; };
		9F6BE51F2B7B621700D4DA6A /* DatabaseManager.swift in Sources */ = {isa = PBXBuildFile; fileRef = 9F6BE51E2B7B621700D4DA6A /* DatabaseManager.swift */; };
		9F6BE5212B7B623800D4DA6A /* AuthenticationManager.swift in Sources */ = {isa = PBXBuildFile; fileRef = 9F6BE5202B7B623800D4DA6A /* AuthenticationManager.swift */; };
		9F6BE5232B7B625200D4DA6A /* HapticsManager.swift in Sources */ = {isa = PBXBuildFile; fileRef = 9F6BE5222B7B625200D4DA6A /* HapticsManager.swift */; };
		9F6BE5252B7B676F00D4DA6A /* GoogleService-Info.plist in Resources */ = {isa = PBXBuildFile; fileRef = 9F6BE5242B7B676F00D4DA6A /* GoogleService-Info.plist */; };
/* End PBXBuildFile section */

/* Begin PBXFileReference section */
		176BBAA14BFE835834A12403 /* Pods_TikTok.framework */ = {isa = PBXFileReference; explicitFileType = wrapper.framework; includeInIndex = 0; path = Pods_TikTok.framework; sourceTree = BUILT_PRODUCTS_DIR; };
		9BA1CE691F60DF3D3995371A /* Pods-TikTok.debug.xcconfig */ = {isa = PBXFileReference; includeInIndex = 1; lastKnownFileType = text.xcconfig; name = "Pods-TikTok.debug.xcconfig"; path = "Target Support Files/Pods-TikTok/Pods-TikTok.debug.xcconfig"; sourceTree = "<group>"; };
		9F13DBFE2B7A6599009202C7 /* TikTok.app */ = {isa = PBXFileReference; explicitFileType = wrapper.application; includeInIndex = 0; path = TikTok.app; sourceTree = BUILT_PRODUCTS_DIR; };
		9F13DC012B7A6599009202C7 /* AppDelegate.swift */ = {isa = PBXFileReference; lastKnownFileType = sourcecode.swift; path = AppDelegate.swift; sourceTree = "<group>"; };
		9F13DC032B7A6599009202C7 /* SceneDelegate.swift */ = {isa = PBXFileReference; lastKnownFileType = sourcecode.swift; path = SceneDelegate.swift; sourceTree = "<group>"; };
		9F13DC052B7A6599009202C7 /* HomeViewController.swift */ = {isa = PBXFileReference; lastKnownFileType = sourcecode.swift; path = HomeViewController.swift; sourceTree = "<group>"; };
		9F13DC0A2B7A659B009202C7 /* Assets.xcassets */ = {isa = PBXFileReference; lastKnownFileType = folder.assetcatalog; path = Assets.xcassets; sourceTree = "<group>"; };
		9F13DC0D2B7A659B009202C7 /* Base */ = {isa = PBXFileReference; lastKnownFileType = file.storyboard; name = Base; path = Base.lproj/LaunchScreen.storyboard; sourceTree = "<group>"; };
		9F13DC0F2B7A659C009202C7 /* Info.plist */ = {isa = PBXFileReference; lastKnownFileType = text.plist.xml; path = Info.plist; sourceTree = "<group>"; };
		9F6BE5032B7B5CAB00D4DA6A /* ExploreViewController.swift */ = {isa = PBXFileReference; lastKnownFileType = sourcecode.swift; path = ExploreViewController.swift; sourceTree = "<group>"; };
		9F6BE5052B7B5CB700D4DA6A /* CameraViewController.swift */ = {isa = PBXFileReference; lastKnownFileType = sourcecode.swift; path = CameraViewController.swift; sourceTree = "<group>"; };
		9F6BE5082B7B5CD200D4DA6A /* NotificationsViewController.swift */ = {isa = PBXFileReference; lastKnownFileType = sourcecode.swift; path = NotificationsViewController.swift; sourceTree = "<group>"; };
		9F6BE50A2B7B5DD100D4DA6A /* ProfileViewController.swift */ = {isa = PBXFileReference; lastKnownFileType = sourcecode.swift; path = ProfileViewController.swift; sourceTree = "<group>"; };
		9F6BE50C2B7B5DEA00D4DA6A /* UserListViewController.swift */ = {isa = PBXFileReference; lastKnownFileType = sourcecode.swift; path = UserListViewController.swift; sourceTree = "<group>"; };
		9F6BE50E2B7B5E0200D4DA6A /* SignInViewController.swift */ = {isa = PBXFileReference; lastKnownFileType = sourcecode.swift; path = SignInViewController.swift; sourceTree = "<group>"; };
		9F6BE5102B7B5E1200D4DA6A /* SignUpViewController.swift */ = {isa = PBXFileReference; lastKnownFileType = sourcecode.swift; path = SignUpViewController.swift; sourceTree = "<group>"; };
		9F6BE5122B7B5E2000D4DA6A /* SettingsViewController.swift */ = {isa = PBXFileReference; lastKnownFileType = sourcecode.swift; path = SettingsViewController.swift; sourceTree = "<group>"; };
		9F6BE5142B7B5E4A00D4DA6A /* TabBarViewController.swift */ = {isa = PBXFileReference; lastKnownFileType = sourcecode.swift; path = TabBarViewController.swift; sourceTree = "<group>"; };
		9F6BE5182B7B614700D4DA6A /* PostViewController.swift */ = {isa = PBXFileReference; lastKnownFileType = sourcecode.swift; path = PostViewController.swift; sourceTree = "<group>"; };
		9F6BE51C2B7B616C00D4DA6A /* StorageManager.swift */ = {isa = PBXFileReference; lastKnownFileType = sourcecode.swift; path = StorageManager.swift; sourceTree = "<group>"; };
		9F6BE51E2B7B621700D4DA6A /* DatabaseManager.swift */ = {isa = PBXFileReference; lastKnownFileType = sourcecode.swift; path = DatabaseManager.swift; sourceTree = "<group>"; };
		9F6BE5202B7B623800D4DA6A /* AuthenticationManager.swift */ = {isa = PBXFileReference; lastKnownFileType = sourcecode.swift; path = AuthenticationManager.swift; sourceTree = "<group>"; };
		9F6BE5222B7B625200D4DA6A /* HapticsManager.swift */ = {isa = PBXFileReference; lastKnownFileType = sourcecode.swift; path = HapticsManager.swift; sourceTree = "<group>"; };
		9F6BE5242B7B676F00D4DA6A /* GoogleService-Info.plist */ = {isa = PBXFileReference; fileEncoding = 4; lastKnownFileType = text.plist.xml; path = "GoogleService-Info.plist"; sourceTree = "<group>"; };
		D45AD452BC456CF3B869FEFA /* Pods-TikTok.release.xcconfig */ = {isa = PBXFileReference; includeInIndex = 1; lastKnownFileType = text.xcconfig; name = "Pods-TikTok.release.xcconfig"; path = "Target Support Files/Pods-TikTok/Pods-TikTok.release.xcconfig"; sourceTree = "<group>"; };
/* End PBXFileReference section */

/* Begin PBXFrameworksBuildPhase section */
		9F13DBFB2B7A6599009202C7 /* Frameworks */ = {
			isa = PBXFrameworksBuildPhase;
			buildActionMask = 2147483647;
			files = (
				0B51EA8055A9B04D95F110B8 /* Pods_TikTok.framework in Frameworks */,
			);
			runOnlyForDeploymentPostprocessing = 0;
		};
/* End PBXFrameworksBuildPhase section */

/* Begin PBXGroup section */
		64AF2691D719EDF66D81DC9A /* Frameworks */ = {
			isa = PBXGroup;
			children = (
				176BBAA14BFE835834A12403 /* Pods_TikTok.framework */,
			);
			name = Frameworks;
			sourceTree = "<group>";
		};
		84CB315A8697A532659C6BB0 /* Pods */ = {
			isa = PBXGroup;
			children = (
				9BA1CE691F60DF3D3995371A /* Pods-TikTok.debug.xcconfig */,
				D45AD452BC456CF3B869FEFA /* Pods-TikTok.release.xcconfig */,
			);
			path = Pods;
			sourceTree = "<group>";
		};
		9F13DBF52B7A6599009202C7 = {
			isa = PBXGroup;
			children = (
				9F13DC002B7A6599009202C7 /* TikTok */,
				9F13DBFF2B7A6599009202C7 /* Products */,
				84CB315A8697A532659C6BB0 /* Pods */,
				64AF2691D719EDF66D81DC9A /* Frameworks */,
			);
			sourceTree = "<group>";
		};
		9F13DBFF2B7A6599009202C7 /* Products */ = {
			isa = PBXGroup;
			children = (
				9F13DBFE2B7A6599009202C7 /* TikTok.app */,
			);
			name = Products;
			sourceTree = "<group>";
		};
		9F13DC002B7A6599009202C7 /* TikTok */ = {
			isa = PBXGroup;
			children = (
				9F6BE5002B7B599200D4DA6A /* Managers */,
				9F6BE4FF2B7B598000D4DA6A /* ViewModels */,
				9F6BE4FE2B7B597200D4DA6A /* Models */,
				9F6BE4FD2B7B596100D4DA6A /* Views */,
				9F6BE4FC2B7B595400D4DA6A /* Controllers */,
				9F6BE4FB2B7B593900D4DA6A /* Resources */,
				9F13DC0F2B7A659C009202C7 /* Info.plist */,
			);
			path = TikTok;
			sourceTree = "<group>";
		};
		9F6BE4FB2B7B593900D4DA6A /* Resources */ = {
			isa = PBXGroup;
			children = (
				9F13DC0A2B7A659B009202C7 /* Assets.xcassets */,
				9F6BE5242B7B676F00D4DA6A /* GoogleService-Info.plist */,
				9F13DC012B7A6599009202C7 /* AppDelegate.swift */,
				9F13DC032B7A6599009202C7 /* SceneDelegate.swift */,
			);
			path = Resources;
			sourceTree = "<group>";
		};
		9F6BE4FC2B7B595400D4DA6A /* Controllers */ = {
			isa = PBXGroup;
			children = (
				9F6BE5022B7B5C8E00D4DA6A /* Other */,
				9F6BE5012B7B5C8300D4DA6A /* Core */,
			);
			path = Controllers;
			sourceTree = "<group>";
		};
		9F6BE4FD2B7B596100D4DA6A /* Views */ = {
			isa = PBXGroup;
			children = (
				9F6BE5172B7B612100D4DA6A /* Other */,
				9F6BE5162B7B60EB00D4DA6A /* Storyboards */,
			);
			path = Views;
			sourceTree = "<group>";
		};
		9F6BE4FE2B7B597200D4DA6A /* Models */ = {
			isa = PBXGroup;
			children = (
			);
			path = Models;
			sourceTree = "<group>";
		};
		9F6BE4FF2B7B598000D4DA6A /* ViewModels */ = {
			isa = PBXGroup;
			children = (
			);
			path = ViewModels;
			sourceTree = "<group>";
		};
		9F6BE5002B7B599200D4DA6A /* Managers */ = {
			isa = PBXGroup;
			children = (
				9F6BE51C2B7B616C00D4DA6A /* StorageManager.swift */,
				9F6BE51E2B7B621700D4DA6A /* DatabaseManager.swift */,
				9F6BE5202B7B623800D4DA6A /* AuthenticationManager.swift */,
				9F6BE5222B7B625200D4DA6A /* HapticsManager.swift */,
			);
			path = Managers;
			sourceTree = "<group>";
		};
		9F6BE5012B7B5C8300D4DA6A /* Core */ = {
			isa = PBXGroup;
			children = (
				9F13DC052B7A6599009202C7 /* HomeViewController.swift */,
				9F6BE5032B7B5CAB00D4DA6A /* ExploreViewController.swift */,
				9F6BE5052B7B5CB700D4DA6A /* CameraViewController.swift */,
				9F6BE5082B7B5CD200D4DA6A /* NotificationsViewController.swift */,
				9F6BE50A2B7B5DD100D4DA6A /* ProfileViewController.swift */,
				9F6BE5142B7B5E4A00D4DA6A /* TabBarViewController.swift */,
			);
			path = Core;
			sourceTree = "<group>";
		};
		9F6BE5022B7B5C8E00D4DA6A /* Other */ = {
			isa = PBXGroup;
			children = (
				9F6BE50C2B7B5DEA00D4DA6A /* UserListViewController.swift */,
				9F6BE50E2B7B5E0200D4DA6A /* SignInViewController.swift */,
				9F6BE5102B7B5E1200D4DA6A /* SignUpViewController.swift */,
				9F6BE5122B7B5E2000D4DA6A /* SettingsViewController.swift */,
				9F6BE5182B7B614700D4DA6A /* PostViewController.swift */,
			);
			path = Other;
			sourceTree = "<group>";
		};
		9F6BE5162B7B60EB00D4DA6A /* Storyboards */ = {
			isa = PBXGroup;
			children = (
				9F13DC0C2B7A659B009202C7 /* LaunchScreen.storyboard */,
			);
			path = Storyboards;
			sourceTree = "<group>";
		};
		9F6BE5172B7B612100D4DA6A /* Other */ = {
			isa = PBXGroup;
			children = (
			);
			path = Other;
			sourceTree = "<group>";
		};
/* End PBXGroup section */

/* Begin PBXNativeTarget section */
		9F13DBFD2B7A6599009202C7 /* TikTok */ = {
			isa = PBXNativeTarget;
			buildConfigurationList = 9F13DC122B7A659C009202C7 /* Build configuration list for PBXNativeTarget "TikTok" */;
			buildPhases = (
				66EECD7E2D4DA38AF68532E7 /* [CP] Check Pods Manifest.lock */,
				9F13DBFA2B7A6599009202C7 /* Sources */,
				9F13DBFB2B7A6599009202C7 /* Frameworks */,
				9F13DBFC2B7A6599009202C7 /* Resources */,
				6AAA305FC4D892DC65EFF5CB /* [CP] Embed Pods Frameworks */,
				9F6BE5262B7B6C9E00D4DA6A /* ShellScript */,
			);
			buildRules = (
			);
			dependencies = (
			);
			name = TikTok;
			productName = TikTok;
			productReference = 9F13DBFE2B7A6599009202C7 /* TikTok.app */;
			productType = "com.apple.product-type.application";
		};
/* End PBXNativeTarget section */

/* Begin PBXProject section */
		9F13DBF62B7A6599009202C7 /* Project object */ = {
			isa = PBXProject;
			attributes = {
				BuildIndependentTargetsInParallel = 1;
				LastSwiftUpdateCheck = 1520;
				LastUpgradeCheck = 1520;
				TargetAttributes = {
					9F13DBFD2B7A6599009202C7 = {
						CreatedOnToolsVersion = 15.2;
					};
				};
			};
			buildConfigurationList = 9F13DBF92B7A6599009202C7 /* Build configuration list for PBXProject "TikTok" */;
			compatibilityVersion = "Xcode 14.0";
			developmentRegion = en;
			hasScannedForEncodings = 0;
			knownRegions = (
				en,
				Base,
			);
			mainGroup = 9F13DBF52B7A6599009202C7;
			productRefGroup = 9F13DBFF2B7A6599009202C7 /* Products */;
			projectDirPath = "";
			projectRoot = "";
			targets = (
				9F13DBFD2B7A6599009202C7 /* TikTok */,
			);
		};
/* End PBXProject section */

/* Begin PBXResourcesBuildPhase section */
		9F13DBFC2B7A6599009202C7 /* Resources */ = {
			isa = PBXResourcesBuildPhase;
			buildActionMask = 2147483647;
			files = (
				9F13DC0E2B7A659B009202C7 /* LaunchScreen.storyboard in Resources */,
				9F13DC0B2B7A659B009202C7 /* Assets.xcassets in Resources */,
				9F6BE5252B7B676F00D4DA6A /* GoogleService-Info.plist in Resources */,
			);
			runOnlyForDeploymentPostprocessing = 0;
		};
/* End PBXResourcesBuildPhase section */

/* Begin PBXShellScriptBuildPhase section */
		66EECD7E2D4DA38AF68532E7 /* [CP] Check Pods Manifest.lock */ = {
			isa = PBXShellScriptBuildPhase;
			buildActionMask = 2147483647;
			files = (
			);
			inputFileListPaths = (
			);
			inputPaths = (
				"${PODS_PODFILE_DIR_PATH}/Podfile.lock",
				"${PODS_ROOT}/Manifest.lock",
			);
			name = "[CP] Check Pods Manifest.lock";
			outputFileListPaths = (
			);
			outputPaths = (
				"$(DERIVED_FILE_DIR)/Pods-TikTok-checkManifestLockResult.txt",
			);
			runOnlyForDeploymentPostprocessing = 0;
			shellPath = /bin/sh;
			shellScript = "diff \"${PODS_PODFILE_DIR_PATH}/Podfile.lock\" \"${PODS_ROOT}/Manifest.lock\" > /dev/null\nif [ $? != 0 ] ; then\n    # print error to STDERR\n    echo \"error: The sandbox is not in sync with the Podfile.lock. Run 'pod install' or update your CocoaPods installation.\" >&2\n    exit 1\nfi\n# This output is used by Xcode 'outputs' to avoid re-running this script phase.\necho \"SUCCESS\" > \"${SCRIPT_OUTPUT_FILE_0}\"\n";
			showEnvVarsInLog = 0;
		};
		6AAA305FC4D892DC65EFF5CB /* [CP] Embed Pods Frameworks */ = {
			isa = PBXShellScriptBuildPhase;
			buildActionMask = 2147483647;
			files = (
			);
			inputFileListPaths = (
				"${PODS_ROOT}/Target Support Files/Pods-TikTok/Pods-TikTok-frameworks-${CONFIGURATION}-input-files.xcfilelist",
			);
			name = "[CP] Embed Pods Frameworks";
			outputFileListPaths = (
				"${PODS_ROOT}/Target Support Files/Pods-TikTok/Pods-TikTok-frameworks-${CONFIGURATION}-output-files.xcfilelist",
			);
			runOnlyForDeploymentPostprocessing = 0;
			shellPath = /bin/sh;
			shellScript = "\"${PODS_ROOT}/Target Support Files/Pods-TikTok/Pods-TikTok-frameworks.sh\"\n";
			showEnvVarsInLog = 0;
		};
		9F6BE5262B7B6C9E00D4DA6A /* ShellScript */ = {
			isa = PBXShellScriptBuildPhase;
			buildActionMask = 2147483647;
			files = (
			);
			inputFileListPaths = (
			);
			inputPaths = (
			);
			outputFileListPaths = (
			);
			outputPaths = (
			);
			runOnlyForDeploymentPostprocessing = 0;
			shellPath = /bin/sh;
			shellScript = "\"${PODS_ROOT}/FirebaseCrashlytics/run\"\n";
		};
/* End PBXShellScriptBuildPhase section */

/* Begin PBXSourcesBuildPhase section */
		9F13DBFA2B7A6599009202C7 /* Sources */ = {
			isa = PBXSourcesBuildPhase;
			buildActionMask = 2147483647;
			files = (
				9F6BE5232B7B625200D4DA6A /* HapticsManager.swift in Sources */,
				9F6BE51F2B7B621700D4DA6A /* DatabaseManager.swift in Sources */,
				9F6BE5042B7B5CAB00D4DA6A /* ExploreViewController.swift in Sources */,
				9F6BE50D2B7B5DEA00D4DA6A /* UserListViewController.swift in Sources */,
				9F6BE5132B7B5E2000D4DA6A /* SettingsViewController.swift in Sources */,
				9F6BE5192B7B614700D4DA6A /* PostViewController.swift in Sources */,
				9F6BE5062B7B5CB700D4DA6A /* CameraViewController.swift in Sources */,
				9F6BE5152B7B5E4A00D4DA6A /* TabBarViewController.swift in Sources */,
				9F13DC062B7A6599009202C7 /* HomeViewController.swift in Sources */,
				9F6BE5112B7B5E1200D4DA6A /* SignUpViewController.swift in Sources */,
				9F6BE5212B7B623800D4DA6A /* AuthenticationManager.swift in Sources */,
				9F6BE5092B7B5CD200D4DA6A /* NotificationsViewController.swift in Sources */,
				9F6BE50F2B7B5E0200D4DA6A /* SignInViewController.swift in Sources */,
				9F6BE50B2B7B5DD100D4DA6A /* ProfileViewController.swift in Sources */,
				9F6BE51D2B7B616C00D4DA6A /* StorageManager.swift in Sources */,
				9F13DC022B7A6599009202C7 /* AppDelegate.swift in Sources */,
				9F13DC042B7A6599009202C7 /* SceneDelegate.swift in Sources */,
			);
			runOnlyForDeploymentPostprocessing = 0;
		};
/* End PBXSourcesBuildPhase section */

/* Begin PBXVariantGroup section */
		9F13DC0C2B7A659B009202C7 /* LaunchScreen.storyboard */ = {
			isa = PBXVariantGroup;
			children = (
				9F13DC0D2B7A659B009202C7 /* Base */,
			);
			name = LaunchScreen.storyboard;
			sourceTree = "<group>";
		};
/* End PBXVariantGroup section */

/* Begin XCBuildConfiguration section */
		9F13DC102B7A659C009202C7 /* Debug */ = {
			isa = XCBuildConfiguration;
			buildSettings = {
				ALWAYS_SEARCH_USER_PATHS = NO;
				ASSETCATALOG_COMPILER_GENERATE_SWIFT_ASSET_SYMBOL_EXTENSIONS = YES;
				CLANG_ANALYZER_NONNULL = YES;
				CLANG_ANALYZER_NUMBER_OBJECT_CONVERSION = YES_AGGRESSIVE;
				CLANG_CXX_LANGUAGE_STANDARD = "gnu++20";
				CLANG_ENABLE_MODULES = YES;
				CLANG_ENABLE_OBJC_ARC = YES;
				CLANG_ENABLE_OBJC_WEAK = YES;
				CLANG_WARN_BLOCK_CAPTURE_AUTORELEASING = YES;
				CLANG_WARN_BOOL_CONVERSION = YES;
				CLANG_WARN_COMMA = YES;
				CLANG_WARN_CONSTANT_CONVERSION = YES;
				CLANG_WARN_DEPRECATED_OBJC_IMPLEMENTATIONS = YES;
				CLANG_WARN_DIRECT_OBJC_ISA_USAGE = YES_ERROR;
				CLANG_WARN_DOCUMENTATION_COMMENTS = YES;
				CLANG_WARN_EMPTY_BODY = YES;
				CLANG_WARN_ENUM_CONVERSION = YES;
				CLANG_WARN_INFINITE_RECURSION = YES;
				CLANG_WARN_INT_CONVERSION = YES;
				CLANG_WARN_NON_LITERAL_NULL_CONVERSION = YES;
				CLANG_WARN_OBJC_IMPLICIT_RETAIN_SELF = YES;
				CLANG_WARN_OBJC_LITERAL_CONVERSION = YES;
				CLANG_WARN_OBJC_ROOT_CLASS = YES_ERROR;
				CLANG_WARN_QUOTED_INCLUDE_IN_FRAMEWORK_HEADER = YES;
				CLANG_WARN_RANGE_LOOP_ANALYSIS = YES;
				CLANG_WARN_STRICT_PROTOTYPES = YES;
				CLANG_WARN_SUSPICIOUS_MOVE = YES;
				CLANG_WARN_UNGUARDED_AVAILABILITY = YES_AGGRESSIVE;
				CLANG_WARN_UNREACHABLE_CODE = YES;
				CLANG_WARN__DUPLICATE_METHOD_MATCH = YES;
				COPY_PHASE_STRIP = NO;
				DEBUG_INFORMATION_FORMAT = dwarf;
				ENABLE_STRICT_OBJC_MSGSEND = YES;
				ENABLE_TESTABILITY = YES;
				ENABLE_USER_SCRIPT_SANDBOXING = NO;
				GCC_C_LANGUAGE_STANDARD = gnu17;
				GCC_DYNAMIC_NO_PIC = NO;
				GCC_NO_COMMON_BLOCKS = YES;
				GCC_OPTIMIZATION_LEVEL = 0;
				GCC_PREPROCESSOR_DEFINITIONS = (
					"DEBUG=1",
					"$(inherited)",
				);
				GCC_WARN_64_TO_32_BIT_CONVERSION = YES;
				GCC_WARN_ABOUT_RETURN_TYPE = YES_ERROR;
				GCC_WARN_UNDECLARED_SELECTOR = YES;
				GCC_WARN_UNINITIALIZED_AUTOS = YES_AGGRESSIVE;
				GCC_WARN_UNUSED_FUNCTION = YES;
				GCC_WARN_UNUSED_VARIABLE = YES;
				IPHONEOS_DEPLOYMENT_TARGET = 17.2;
				LOCALIZATION_PREFERS_STRING_CATALOGS = YES;
				MTL_ENABLE_DEBUG_INFO = INCLUDE_SOURCE;
				MTL_FAST_MATH = YES;
				ONLY_ACTIVE_ARCH = YES;
				SDKROOT = iphoneos;
				SWIFT_ACTIVE_COMPILATION_CONDITIONS = "DEBUG $(inherited)";
				SWIFT_OPTIMIZATION_LEVEL = "-Onone";
			};
			name = Debug;
		};
		9F13DC112B7A659C009202C7 /* Release */ = {
			isa = XCBuildConfiguration;
			buildSettings = {
				ALWAYS_SEARCH_USER_PATHS = NO;
				ASSETCATALOG_COMPILER_GENERATE_SWIFT_ASSET_SYMBOL_EXTENSIONS = YES;
				CLANG_ANALYZER_NONNULL = YES;
				CLANG_ANALYZER_NUMBER_OBJECT_CONVERSION = YES_AGGRESSIVE;
				CLANG_CXX_LANGUAGE_STANDARD = "gnu++20";
				CLANG_ENABLE_MODULES = YES;
				CLANG_ENABLE_OBJC_ARC = YES;
				CLANG_ENABLE_OBJC_WEAK = YES;
				CLANG_WARN_BLOCK_CAPTURE_AUTORELEASING = YES;
				CLANG_WARN_BOOL_CONVERSION = YES;
				CLANG_WARN_COMMA = YES;
				CLANG_WARN_CONSTANT_CONVERSION = YES;
				CLANG_WARN_DEPRECATED_OBJC_IMPLEMENTATIONS = YES;
				CLANG_WARN_DIRECT_OBJC_ISA_USAGE = YES_ERROR;
				CLANG_WARN_DOCUMENTATION_COMMENTS = YES;
				CLANG_WARN_EMPTY_BODY = YES;
				CLANG_WARN_ENUM_CONVERSION = YES;
				CLANG_WARN_INFINITE_RECURSION = YES;
				CLANG_WARN_INT_CONVERSION = YES;
				CLANG_WARN_NON_LITERAL_NULL_CONVERSION = YES;
				CLANG_WARN_OBJC_IMPLICIT_RETAIN_SELF = YES;
				CLANG_WARN_OBJC_LITERAL_CONVERSION = YES;
				CLANG_WARN_OBJC_ROOT_CLASS = YES_ERROR;
				CLANG_WARN_QUOTED_INCLUDE_IN_FRAMEWORK_HEADER = YES;
				CLANG_WARN_RANGE_LOOP_ANALYSIS = YES;
				CLANG_WARN_STRICT_PROTOTYPES = YES;
				CLANG_WARN_SUSPICIOUS_MOVE = YES;
				CLANG_WARN_UNGUARDED_AVAILABILITY = YES_AGGRESSIVE;
				CLANG_WARN_UNREACHABLE_CODE = YES;
				CLANG_WARN__DUPLICATE_METHOD_MATCH = YES;
				COPY_PHASE_STRIP = NO;
				DEBUG_INFORMATION_FORMAT = "dwarf-with-dsym";
				ENABLE_NS_ASSERTIONS = NO;
				ENABLE_STRICT_OBJC_MSGSEND = YES;
				ENABLE_USER_SCRIPT_SANDBOXING = NO;
				GCC_C_LANGUAGE_STANDARD = gnu17;
				GCC_NO_COMMON_BLOCKS = YES;
				GCC_WARN_64_TO_32_BIT_CONVERSION = YES;
				GCC_WARN_ABOUT_RETURN_TYPE = YES_ERROR;
				GCC_WARN_UNDECLARED_SELECTOR = YES;
				GCC_WARN_UNINITIALIZED_AUTOS = YES_AGGRESSIVE;
				GCC_WARN_UNUSED_FUNCTION = YES;
				GCC_WARN_UNUSED_VARIABLE = YES;
				IPHONEOS_DEPLOYMENT_TARGET = 17.2;
				LOCALIZATION_PREFERS_STRING_CATALOGS = YES;
				MTL_ENABLE_DEBUG_INFO = NO;
				MTL_FAST_MATH = YES;
				SDKROOT = iphoneos;
				SWIFT_COMPILATION_MODE = wholemodule;
				VALIDATE_PRODUCT = YES;
			};
			name = Release;
		};
		9F13DC132B7A659C009202C7 /* Debug */ = {
			isa = XCBuildConfiguration;
			baseConfigurationReference = 9BA1CE691F60DF3D3995371A /* Pods-TikTok.debug.xcconfig */;
			buildSettings = {
				ASSETCATALOG_COMPILER_APPICON_NAME = AppIcon;
				ASSETCATALOG_COMPILER_GLOBAL_ACCENT_COLOR_NAME = AccentColor;
				CODE_SIGN_STYLE = Automatic;
				CURRENT_PROJECT_VERSION = 1;
				DEVELOPMENT_TEAM = M5S2899J9B;
				GENERATE_INFOPLIST_FILE = YES;
				INFOPLIST_FILE = TikTok/Info.plist;
				INFOPLIST_KEY_CFBundleDisplayName = TikTok;
				INFOPLIST_KEY_UIApplicationSupportsIndirectInputEvents = YES;
				INFOPLIST_KEY_UILaunchStoryboardName = LaunchScreen;
				INFOPLIST_KEY_UIMainStoryboardFile = "";
				INFOPLIST_KEY_UISupportedInterfaceOrientations = UIInterfaceOrientationPortrait;
				INFOPLIST_KEY_UISupportedInterfaceOrientations_iPad = "UIInterfaceOrientationLandscapeLeft UIInterfaceOrientationLandscapeRight UIInterfaceOrientationPortrait UIInterfaceOrientationPortraitUpsideDown";
				IPHONEOS_DEPLOYMENT_TARGET = 15.0;
				LD_RUNPATH_SEARCH_PATHS = (
					"$(inherited)",
					"@executable_path/Frameworks",
				);
				MARKETING_VERSION = 1.0;
				PRODUCT_BUNDLE_IDENTIFIER = wwwwwopq8e90d8cg.TikTok;
				PRODUCT_NAME = "$(TARGET_NAME)";
				SUPPORTED_PLATFORMS = "iphoneos iphonesimulator";
				SUPPORTS_MACCATALYST = NO;
				SUPPORTS_MAC_DESIGNED_FOR_IPHONE_IPAD = NO;
				SUPPORTS_XR_DESIGNED_FOR_IPHONE_IPAD = NO;
				SWIFT_EMIT_LOC_STRINGS = YES;
				SWIFT_VERSION = 5.0;
				TARGETED_DEVICE_FAMILY = 1;
			};
			name = Debug;
		};
		9F13DC142B7A659C009202C7 /* Release */ = {
			isa = XCBuildConfiguration;
			baseConfigurationReference = D45AD452BC456CF3B869FEFA /* Pods-TikTok.release.xcconfig */;
			buildSettings = {
				ASSETCATALOG_COMPILER_APPICON_NAME = AppIcon;
				ASSETCATALOG_COMPILER_GLOBAL_ACCENT_COLOR_NAME = AccentColor;
				CODE_SIGN_STYLE = Automatic;
				CURRENT_PROJECT_VERSION = 1;
				DEVELOPMENT_TEAM = M5S2899J9B;
				GENERATE_INFOPLIST_FILE = YES;
				INFOPLIST_FILE = TikTok/Info.plist;
				INFOPLIST_KEY_CFBundleDisplayName = TikTok;
				INFOPLIST_KEY_UIApplicationSupportsIndirectInputEvents = YES;
				INFOPLIST_KEY_UILaunchStoryboardName = LaunchScreen;
				INFOPLIST_KEY_UIMainStoryboardFile = "";
				INFOPLIST_KEY_UISupportedInterfaceOrientations = UIInterfaceOrientationPortrait;
				INFOPLIST_KEY_UISupportedInterfaceOrientations_iPad = "UIInterfaceOrientationLandscapeLeft UIInterfaceOrientationLandscapeRight UIInterfaceOrientationPortrait UIInterfaceOrientationPortraitUpsideDown";
				IPHONEOS_DEPLOYMENT_TARGET = 15.0;
				LD_RUNPATH_SEARCH_PATHS = (
					"$(inherited)",
					"@executable_path/Frameworks",
				);
				MARKETING_VERSION = 1.0;
				PRODUCT_BUNDLE_IDENTIFIER = wwwwwopq8e90d8cg.TikTok;
				PRODUCT_NAME = "$(TARGET_NAME)";
				SUPPORTED_PLATFORMS = "iphoneos iphonesimulator";
				SUPPORTS_MACCATALYST = NO;
				SUPPORTS_MAC_DESIGNED_FOR_IPHONE_IPAD = NO;
				SUPPORTS_XR_DESIGNED_FOR_IPHONE_IPAD = NO;
				SWIFT_EMIT_LOC_STRINGS = YES;
				SWIFT_VERSION = 5.0;
				TARGETED_DEVICE_FAMILY = 1;
			};
			name = Release;
		};
/* End XCBuildConfiguration section */

/* Begin XCConfigurationList section */
		9F13DBF92B7A6599009202C7 /* Build configuration list for PBXProject "TikTok" */ = {
			isa = XCConfigurationList;
			buildConfigurations = (
				9F13DC102B7A659C009202C7 /* Debug */,
				9F13DC112B7A659C009202C7 /* Release */,
			);
			defaultConfigurationIsVisible = 0;
			defaultConfigurationName = Release;
		};
		9F13DC122B7A659C009202C7 /* Build configuration list for PBXNativeTarget "TikTok" */ = {
			isa = XCConfigurationList;
			buildConfigurations = (
				9F13DC132B7A659C009202C7 /* Debug */,
				9F13DC142B7A659C009202C7 /* Release */,
			);
			defaultConfigurationIsVisible = 0;
			defaultConfigurationName = Release;
		};
/* End XCConfigurationList section */
	};
	rootObject = 9F13DBF62B7A6599009202C7 /* Project object */;
}
