// !$*UTF8*$!
{
	archiveVersion = 1;
	classes = {
	};
	objectVersion = 56;
	objects = {

/* Begin PBXBuildFile section */
		9F13DC022B7A6599009202C7 /* AppDelegate.swift in Sources */ = {isa = PBXBuildFile; fileRef = 9F13DC012B7A6599009202C7 /* AppDelegate.swift */; };
		9F13DC042B7A6599009202C7 /* SceneDelegate.swift in Sources */ = {isa = PBXBuildFile; fileRef = 9F13DC032B7A6599009202C7 /* SceneDelegate.swift */; };
		9F13DC062B7A6599009202C7 /* HomeViewController.swift in Sources */ = {isa = PBXBuildFile; fileRef = 9F13DC052B7A6599009202C7 /* HomeViewController.swift */; };
		9F13DC0B2B7A659B009202C7 /* Assets.xcassets in Resources */ = {isa = PBXBuildFile; fileRef = 9F13DC0A2B7A659B009202C7 /* Assets.xcassets */; };
		9F13DC0E2B7A659B009202C7 /* LaunchScreen.storyboard in Resources */ = {isa = PBXBuildFile; fileRef = 9F13DC0C2B7A659B009202C7 /* LaunchScreen.storyboard */; };
		9F35442A2BA30446005D341E /* PostCollectionViewCell.swift in Sources */ = {isa = PBXBuildFile; fileRef = 9F3544292BA30446005D341E /* PostCollectionViewCell.swift */; };
		9F35442C2BA34D2C005D341E /* EditProfileViewController.swift in Sources */ = {isa = PBXBuildFile; fileRef = 9F35442B2BA34D2C005D341E /* EditProfileViewController.swift */; };
		9F3544342BA45859005D341E /* SettingsSection.swift in Sources */ = {isa = PBXBuildFile; fileRef = 9F3544332BA45859005D341E /* SettingsSection.swift */; };
		9F3544382BA4633F005D341E /* SwitchTableViewCell.swift in Sources */ = {isa = PBXBuildFile; fileRef = 9F3544372BA4633F005D341E /* SwitchTableViewCell.swift */; };
		9F35443A2BA46361005D341E /* SwitchCellViewModel.swift in Sources */ = {isa = PBXBuildFile; fileRef = 9F3544392BA46361005D341E /* SwitchCellViewModel.swift */; };
		9F35443C2BA72FE7005D341E /* SettingsOption.swift in Sources */ = {isa = PBXBuildFile; fileRef = 9F35443B2BA72FE6005D341E /* SettingsOption.swift */; };
		9F3544442BA9D542005D341E /* TikTokTests.swift in Sources */ = {isa = PBXBuildFile; fileRef = 9F3544432BA9D542005D341E /* TikTokTests.swift */; };
		9F5E595C2B9724F0001FA8F9 /* ProfileHeaderCollectionReusableView.swift in Sources */ = {isa = PBXBuildFile; fileRef = 9F5E595B2B9724F0001FA8F9 /* ProfileHeaderCollectionReusableView.swift */; };
		9F5E595E2B972511001FA8F9 /* ProfileHeaderViewModel.swift in Sources */ = {isa = PBXBuildFile; fileRef = 9F5E595D2B972511001FA8F9 /* ProfileHeaderViewModel.swift */; };
		9F6BE5042B7B5CAB00D4DA6A /* ExploreViewController.swift in Sources */ = {isa = PBXBuildFile; fileRef = 9F6BE5032B7B5CAB00D4DA6A /* ExploreViewController.swift */; };
		9F6BE5062B7B5CB700D4DA6A /* CameraViewController.swift in Sources */ = {isa = PBXBuildFile; fileRef = 9F6BE5052B7B5CB700D4DA6A /* CameraViewController.swift */; };
		9F6BE5092B7B5CD200D4DA6A /* NotificationsViewController.swift in Sources */ = {isa = PBXBuildFile; fileRef = 9F6BE5082B7B5CD200D4DA6A /* NotificationsViewController.swift */; };
		9F6BE50B2B7B5DD100D4DA6A /* ProfileViewController.swift in Sources */ = {isa = PBXBuildFile; fileRef = 9F6BE50A2B7B5DD100D4DA6A /* ProfileViewController.swift */; };
		9F6BE50D2B7B5DEA00D4DA6A /* UserListViewController.swift in Sources */ = {isa = PBXBuildFile; fileRef = 9F6BE50C2B7B5DEA00D4DA6A /* UserListViewController.swift */; };
		9F6BE50F2B7B5E0200D4DA6A /* SignInViewController.swift in Sources */ = {isa = PBXBuildFile; fileRef = 9F6BE50E2B7B5E0200D4DA6A /* SignInViewController.swift */; };
		9F6BE5112B7B5E1200D4DA6A /* SignUpViewController.swift in Sources */ = {isa = PBXBuildFile; fileRef = 9F6BE5102B7B5E1200D4DA6A /* SignUpViewController.swift */; };
		9F6BE5132B7B5E2000D4DA6A /* SettingsViewController.swift in Sources */ = {isa = PBXBuildFile; fileRef = 9F6BE5122B7B5E2000D4DA6A /* SettingsViewController.swift */; };
		9F6BE5152B7B5E4A00D4DA6A /* TabBarViewController.swift in Sources */ = {isa = PBXBuildFile; fileRef = 9F6BE5142B7B5E4A00D4DA6A /* TabBarViewController.swift */; };
		9F6BE5192B7B614700D4DA6A /* PostViewController.swift in Sources */ = {isa = PBXBuildFile; fileRef = 9F6BE5182B7B614700D4DA6A /* PostViewController.swift */; };
		9F6BE51D2B7B616C00D4DA6A /* StorageManager.swift in Sources */ = {isa = PBXBuildFile; fileRef = 9F6BE51C2B7B616C00D4DA6A /* StorageManager.swift */; };
		9F6BE51F2B7B621700D4DA6A /* DatabaseManager.swift in Sources */ = {isa = PBXBuildFile; fileRef = 9F6BE51E2B7B621700D4DA6A /* DatabaseManager.swift */; };
		9F6BE5212B7B623800D4DA6A /* AuthenticationManager.swift in Sources */ = {isa = PBXBuildFile; fileRef = 9F6BE5202B7B623800D4DA6A /* AuthenticationManager.swift */; };
		9F6BE5232B7B625200D4DA6A /* HapticsManager.swift in Sources */ = {isa = PBXBuildFile; fileRef = 9F6BE5222B7B625200D4DA6A /* HapticsManager.swift */; };
		9F6BE5252B7B676F00D4DA6A /* GoogleService-Info.plist in Resources */ = {isa = PBXBuildFile; fileRef = 9F6BE5242B7B676F00D4DA6A /* GoogleService-Info.plist */; };
		9F706CFC2B909DAF002AE0B0 /* RecordButton.swift in Sources */ = {isa = PBXBuildFile; fileRef = 9F706CFB2B909DAF002AE0B0 /* RecordButton.swift */; };
		9F706CFE2B90A52E002AE0B0 /* CaptionViewController.swift in Sources */ = {isa = PBXBuildFile; fileRef = 9F706CFD2B90A52E002AE0B0 /* CaptionViewController.swift */; };
		9F9F17052B91D687004672F6 /* Notifications.swift in Sources */ = {isa = PBXBuildFile; fileRef = 9F9F17042B91D687004672F6 /* Notifications.swift */; };
		9F9F170A2B921507004672F6 /* NotificationsUserFollowTableViewCell.swift in Sources */ = {isa = PBXBuildFile; fileRef = 9F9F17092B921507004672F6 /* NotificationsUserFollowTableViewCell.swift */; };
		9F9F170C2B92159C004672F6 /* NotificationsPostLikeTableViewCell.swift in Sources */ = {isa = PBXBuildFile; fileRef = 9F9F170B2B92159C004672F6 /* NotificationsPostLikeTableViewCell.swift */; };
		9F9F170E2B9215B1004672F6 /* NotificationsPostCommentTableViewCell.swift in Sources */ = {isa = PBXBuildFile; fileRef = 9F9F170D2B9215B1004672F6 /* NotificationsPostCommentTableViewCell.swift */; };
		9FD3713A2B7E0B25002ED893 /* Extensions.swift in Sources */ = {isa = PBXBuildFile; fileRef = 9FD371392B7E0B25002ED893 /* Extensions.swift */; };
		9FD3713C2B7E19DA002ED893 /* PostModel.swift in Sources */ = {isa = PBXBuildFile; fileRef = 9FD3713B2B7E19DA002ED893 /* PostModel.swift */; };
		9FD7B3432B8363710082E37C /* CommentsViewController.swift in Sources */ = {isa = PBXBuildFile; fileRef = 9FD7B3422B8363710082E37C /* CommentsViewController.swift */; };
		9FD7B3452B8372680082E37C /* PostComment.swift in Sources */ = {isa = PBXBuildFile; fileRef = 9FD7B3442B8372680082E37C /* PostComment.swift */; };
		9FD7B3472B8372A50082E37C /* User.swift in Sources */ = {isa = PBXBuildFile; fileRef = 9FD7B3462B8372A50082E37C /* User.swift */; };
		9FDF14982B879C4000CA0B5C /* ExploreSectionType.swift in Sources */ = {isa = PBXBuildFile; fileRef = 9FDF14972B879C4000CA0B5C /* ExploreSectionType.swift */; };
		9FDF149A2B879C5F00CA0B5C /* ExploreCell.swift in Sources */ = {isa = PBXBuildFile; fileRef = 9FDF14992B879C5F00CA0B5C /* ExploreCell.swift */; };
		9FDF149C2B879C7C00CA0B5C /* ExploreSection.swift in Sources */ = {isa = PBXBuildFile; fileRef = 9FDF149B2B879C7C00CA0B5C /* ExploreSection.swift */; };
		9FDF149E2B879E1700CA0B5C /* ExploreBannerViewModel.swift in Sources */ = {isa = PBXBuildFile; fileRef = 9FDF149D2B879E1700CA0B5C /* ExploreBannerViewModel.swift */; };
		9FDF14A02B879E7500CA0B5C /* ExplorePostViewModel.swift in Sources */ = {isa = PBXBuildFile; fileRef = 9FDF149F2B879E7500CA0B5C /* ExplorePostViewModel.swift */; };
		9FDF14A22B879E8500CA0B5C /* ExploreHashtagViewModel.swift in Sources */ = {isa = PBXBuildFile; fileRef = 9FDF14A12B879E8500CA0B5C /* ExploreHashtagViewModel.swift */; };
		9FDF14A42B879E9A00CA0B5C /* ExploreUserViewModel.swift in Sources */ = {isa = PBXBuildFile; fileRef = 9FDF14A32B879E9A00CA0B5C /* ExploreUserViewModel.swift */; };
		9FE1CC372B84C11800C87632 /* CommentTableViewCell.swift in Sources */ = {isa = PBXBuildFile; fileRef = 9FE1CC362B84C11800C87632 /* CommentTableViewCell.swift */; };
		9FE1CC392B84CC6200C87632 /* video.mp4 in Resources */ = {isa = PBXBuildFile; fileRef = 9FE1CC382B84CC6200C87632 /* video.mp4 */; };
		9FED475B2B8C83D50063A9C5 /* ExploreBannerCollectionViewCell.swift in Sources */ = {isa = PBXBuildFile; fileRef = 9FED475A2B8C83D50063A9C5 /* ExploreBannerCollectionViewCell.swift */; };
		9FED475D2B8C83E40063A9C5 /* ExplorePostCollectionViewCell.swift in Sources */ = {isa = PBXBuildFile; fileRef = 9FED475C2B8C83E40063A9C5 /* ExplorePostCollectionViewCell.swift */; };
		9FED475F2B8C83F00063A9C5 /* ExploreUserCollectionViewCell.swift in Sources */ = {isa = PBXBuildFile; fileRef = 9FED475E2B8C83F00063A9C5 /* ExploreUserCollectionViewCell.swift */; };
		9FED47612B8C84030063A9C5 /* ExploreHashtagCollectionViewCell.swift in Sources */ = {isa = PBXBuildFile; fileRef = 9FED47602B8C84030063A9C5 /* ExploreHashtagCollectionViewCell.swift */; };
		9FED47632B8C953B0063A9C5 /* explore.json in Resources */ = {isa = PBXBuildFile; fileRef = 9FED47622B8C953B0063A9C5 /* explore.json */; };
		9FED47652B8C992B0063A9C5 /* ExploreManager.swift in Sources */ = {isa = PBXBuildFile; fileRef = 9FED47642B8C992B0063A9C5 /* ExploreManager.swift */; };
		9FED47682B8C9B640063A9C5 /* ExploreResponse.swift in Sources */ = {isa = PBXBuildFile; fileRef = 9FED47672B8C9B640063A9C5 /* ExploreResponse.swift */; };
		9FED476A2B8C9C5E0063A9C5 /* Banner.swift in Sources */ = {isa = PBXBuildFile; fileRef = 9FED47692B8C9C5E0063A9C5 /* Banner.swift */; };
		9FED476C2B8C9C770063A9C5 /* Post.swift in Sources */ = {isa = PBXBuildFile; fileRef = 9FED476B2B8C9C770063A9C5 /* Post.swift */; };
		9FED476E2B8C9C890063A9C5 /* Hashtag.swift in Sources */ = {isa = PBXBuildFile; fileRef = 9FED476D2B8C9C890063A9C5 /* Hashtag.swift */; };
		9FED47702B8C9C990063A9C5 /* Creator.swift in Sources */ = {isa = PBXBuildFile; fileRef = 9FED476F2B8C9C990063A9C5 /* Creator.swift */; };
		9FED47722B8CB3E60063A9C5 /* TitleHeaderCollectionReusableView.swift in Sources */ = {isa = PBXBuildFile; fileRef = 9FED47712B8CB3E60063A9C5 /* TitleHeaderCollectionReusableView.swift */; };
		9FED47762B8DF9E20063A9C5 /* AuthField.swift in Sources */ = {isa = PBXBuildFile; fileRef = 9FED47752B8DF9E20063A9C5 /* AuthField.swift */; };
		9FED47782B8DFA030063A9C5 /* AuthButton.swift in Sources */ = {isa = PBXBuildFile; fileRef = 9FED47772B8DFA030063A9C5 /* AuthButton.swift */; };
		A7B01F7E2F33395B44EBB256 /* Pods_TikTok.framework in Frameworks */ = {isa = PBXBuildFile; fileRef = F0D01BA4F1A15A05D1BB0C7C /* Pods_TikTok.framework */; };
		A83153164E21F597C122FB2E /* Pods_TikTokTests.framework in Frameworks */ = {isa = PBXBuildFile; fileRef = 923D4A662D5109A362E9483D /* Pods_TikTokTests.framework */; };
/* End PBXBuildFile section */

/* Begin PBXContainerItemProxy section */
		9F3544452BA9D542005D341E /* PBXContainerItemProxy */ = {
			isa = PBXContainerItemProxy;
			containerPortal = 9F13DBF62B7A6599009202C7 /* Project object */;
			proxyType = 1;
			remoteGlobalIDString = 9F13DBFD2B7A6599009202C7;
			remoteInfo = TikTok;
		};
/* End PBXContainerItemProxy section */

/* Begin PBXFileReference section */
		31FB8EE391AD002FC78922BA /* Pods-TikTokTests.debug.xcconfig */ = {isa = PBXFileReference; includeInIndex = 1; lastKnownFileType = text.xcconfig; name = "Pods-TikTokTests.debug.xcconfig"; path = "Target Support Files/Pods-TikTokTests/Pods-TikTokTests.debug.xcconfig"; sourceTree = "<group>"; };
		5F81F1474CC64C730FB07AB9 /* Pods-TikTokTests.release.xcconfig */ = {isa = PBXFileReference; includeInIndex = 1; lastKnownFileType = text.xcconfig; name = "Pods-TikTokTests.release.xcconfig"; path = "Target Support Files/Pods-TikTokTests/Pods-TikTokTests.release.xcconfig"; sourceTree = "<group>"; };
		923D4A662D5109A362E9483D /* Pods_TikTokTests.framework */ = {isa = PBXFileReference; explicitFileType = wrapper.framework; includeInIndex = 0; path = Pods_TikTokTests.framework; sourceTree = BUILT_PRODUCTS_DIR; };
		9F13DBFE2B7A6599009202C7 /* TikTok.app */ = {isa = PBXFileReference; explicitFileType = wrapper.application; includeInIndex = 0; path = TikTok.app; sourceTree = BUILT_PRODUCTS_DIR; };
		9F13DC012B7A6599009202C7 /* AppDelegate.swift */ = {isa = PBXFileReference; lastKnownFileType = sourcecode.swift; path = AppDelegate.swift; sourceTree = "<group>"; };
		9F13DC032B7A6599009202C7 /* SceneDelegate.swift */ = {isa = PBXFileReference; lastKnownFileType = sourcecode.swift; path = SceneDelegate.swift; sourceTree = "<group>"; };
		9F13DC052B7A6599009202C7 /* HomeViewController.swift */ = {isa = PBXFileReference; lastKnownFileType = sourcecode.swift; path = HomeViewController.swift; sourceTree = "<group>"; };
		9F13DC0A2B7A659B009202C7 /* Assets.xcassets */ = {isa = PBXFileReference; lastKnownFileType = folder.assetcatalog; path = Assets.xcassets; sourceTree = "<group>"; };
		9F13DC0D2B7A659B009202C7 /* Base */ = {isa = PBXFileReference; lastKnownFileType = file.storyboard; name = Base; path = Base.lproj/LaunchScreen.storyboard; sourceTree = "<group>"; };
		9F13DC0F2B7A659C009202C7 /* Info.plist */ = {isa = PBXFileReference; lastKnownFileType = text.plist.xml; path = Info.plist; sourceTree = "<group>"; };
		9F3544292BA30446005D341E /* PostCollectionViewCell.swift */ = {isa = PBXFileReference; lastKnownFileType = sourcecode.swift; path = PostCollectionViewCell.swift; sourceTree = "<group>"; };
		9F35442B2BA34D2C005D341E /* EditProfileViewController.swift */ = {isa = PBXFileReference; lastKnownFileType = sourcecode.swift; path = EditProfileViewController.swift; sourceTree = "<group>"; };
		9F3544332BA45859005D341E /* SettingsSection.swift */ = {isa = PBXFileReference; lastKnownFileType = sourcecode.swift; path = SettingsSection.swift; sourceTree = "<group>"; };
		9F3544372BA4633F005D341E /* SwitchTableViewCell.swift */ = {isa = PBXFileReference; lastKnownFileType = sourcecode.swift; path = SwitchTableViewCell.swift; sourceTree = "<group>"; };
		9F3544392BA46361005D341E /* SwitchCellViewModel.swift */ = {isa = PBXFileReference; lastKnownFileType = sourcecode.swift; path = SwitchCellViewModel.swift; sourceTree = "<group>"; };
		9F35443B2BA72FE6005D341E /* SettingsOption.swift */ = {isa = PBXFileReference; lastKnownFileType = sourcecode.swift; path = SettingsOption.swift; sourceTree = "<group>"; };
		9F3544412BA9D542005D341E /* TikTokTests.xctest */ = {isa = PBXFileReference; explicitFileType = wrapper.cfbundle; includeInIndex = 0; path = TikTokTests.xctest; sourceTree = BUILT_PRODUCTS_DIR; };
		9F3544432BA9D542005D341E /* TikTokTests.swift */ = {isa = PBXFileReference; lastKnownFileType = sourcecode.swift; path = TikTokTests.swift; sourceTree = "<group>"; };
		9F5E595B2B9724F0001FA8F9 /* ProfileHeaderCollectionReusableView.swift */ = {isa = PBXFileReference; lastKnownFileType = sourcecode.swift; path = ProfileHeaderCollectionReusableView.swift; sourceTree = "<group>"; };
		9F5E595D2B972511001FA8F9 /* ProfileHeaderViewModel.swift */ = {isa = PBXFileReference; lastKnownFileType = sourcecode.swift; path = ProfileHeaderViewModel.swift; sourceTree = "<group>"; };
		9F6BE5032B7B5CAB00D4DA6A /* ExploreViewController.swift */ = {isa = PBXFileReference; lastKnownFileType = sourcecode.swift; path = ExploreViewController.swift; sourceTree = "<group>"; };
		9F6BE5052B7B5CB700D4DA6A /* CameraViewController.swift */ = {isa = PBXFileReference; lastKnownFileType = sourcecode.swift; path = CameraViewController.swift; sourceTree = "<group>"; };
		9F6BE5082B7B5CD200D4DA6A /* NotificationsViewController.swift */ = {isa = PBXFileReference; lastKnownFileType = sourcecode.swift; path = NotificationsViewController.swift; sourceTree = "<group>"; };
		9F6BE50A2B7B5DD100D4DA6A /* ProfileViewController.swift */ = {isa = PBXFileReference; lastKnownFileType = sourcecode.swift; path = ProfileViewController.swift; sourceTree = "<group>"; };
		9F6BE50C2B7B5DEA00D4DA6A /* UserListViewController.swift */ = {isa = PBXFileReference; lastKnownFileType = sourcecode.swift; path = UserListViewController.swift; sourceTree = "<group>"; };
		9F6BE50E2B7B5E0200D4DA6A /* SignInViewController.swift */ = {isa = PBXFileReference; lastKnownFileType = sourcecode.swift; path = SignInViewController.swift; sourceTree = "<group>"; };
		9F6BE5102B7B5E1200D4DA6A /* SignUpViewController.swift */ = {isa = PBXFileReference; lastKnownFileType = sourcecode.swift; path = SignUpViewController.swift; sourceTree = "<group>"; };
		9F6BE5122B7B5E2000D4DA6A /* SettingsViewController.swift */ = {isa = PBXFileReference; lastKnownFileType = sourcecode.swift; path = SettingsViewController.swift; sourceTree = "<group>"; };
		9F6BE5142B7B5E4A00D4DA6A /* TabBarViewController.swift */ = {isa = PBXFileReference; lastKnownFileType = sourcecode.swift; path = TabBarViewController.swift; sourceTree = "<group>"; };
		9F6BE5182B7B614700D4DA6A /* PostViewController.swift */ = {isa = PBXFileReference; lastKnownFileType = sourcecode.swift; path = PostViewController.swift; sourceTree = "<group>"; };
		9F6BE51C2B7B616C00D4DA6A /* StorageManager.swift */ = {isa = PBXFileReference; lastKnownFileType = sourcecode.swift; path = StorageManager.swift; sourceTree = "<group>"; };
		9F6BE51E2B7B621700D4DA6A /* DatabaseManager.swift */ = {isa = PBXFileReference; lastKnownFileType = sourcecode.swift; path = DatabaseManager.swift; sourceTree = "<group>"; };
		9F6BE5202B7B623800D4DA6A /* AuthenticationManager.swift */ = {isa = PBXFileReference; lastKnownFileType = sourcecode.swift; path = AuthenticationManager.swift; sourceTree = "<group>"; };
		9F6BE5222B7B625200D4DA6A /* HapticsManager.swift */ = {isa = PBXFileReference; lastKnownFileType = sourcecode.swift; path = HapticsManager.swift; sourceTree = "<group>"; };
		9F6BE5242B7B676F00D4DA6A /* GoogleService-Info.plist */ = {isa = PBXFileReference; fileEncoding = 4; lastKnownFileType = text.plist.xml; path = "GoogleService-Info.plist"; sourceTree = "<group>"; };
		9F706CFB2B909DAF002AE0B0 /* RecordButton.swift */ = {isa = PBXFileReference; lastKnownFileType = sourcecode.swift; path = RecordButton.swift; sourceTree = "<group>"; };
		9F706CFD2B90A52E002AE0B0 /* CaptionViewController.swift */ = {isa = PBXFileReference; lastKnownFileType = sourcecode.swift; path = CaptionViewController.swift; sourceTree = "<group>"; };
		9F9F17042B91D687004672F6 /* Notifications.swift */ = {isa = PBXFileReference; lastKnownFileType = sourcecode.swift; path = Notifications.swift; sourceTree = "<group>"; };
		9F9F17092B921507004672F6 /* NotificationsUserFollowTableViewCell.swift */ = {isa = PBXFileReference; lastKnownFileType = sourcecode.swift; path = NotificationsUserFollowTableViewCell.swift; sourceTree = "<group>"; };
		9F9F170B2B92159C004672F6 /* NotificationsPostLikeTableViewCell.swift */ = {isa = PBXFileReference; lastKnownFileType = sourcecode.swift; path = NotificationsPostLikeTableViewCell.swift; sourceTree = "<group>"; };
		9F9F170D2B9215B1004672F6 /* NotificationsPostCommentTableViewCell.swift */ = {isa = PBXFileReference; lastKnownFileType = sourcecode.swift; path = NotificationsPostCommentTableViewCell.swift; sourceTree = "<group>"; };
		9FD371392B7E0B25002ED893 /* Extensions.swift */ = {isa = PBXFileReference; lastKnownFileType = sourcecode.swift; path = Extensions.swift; sourceTree = "<group>"; };
		9FD3713B2B7E19DA002ED893 /* PostModel.swift */ = {isa = PBXFileReference; lastKnownFileType = sourcecode.swift; path = PostModel.swift; sourceTree = "<group>"; };
		9FD7B3422B8363710082E37C /* CommentsViewController.swift */ = {isa = PBXFileReference; lastKnownFileType = sourcecode.swift; path = CommentsViewController.swift; sourceTree = "<group>"; };
		9FD7B3442B8372680082E37C /* PostComment.swift */ = {isa = PBXFileReference; lastKnownFileType = sourcecode.swift; path = PostComment.swift; sourceTree = "<group>"; };
		9FD7B3462B8372A50082E37C /* User.swift */ = {isa = PBXFileReference; lastKnownFileType = sourcecode.swift; path = User.swift; sourceTree = "<group>"; };
		9FDF14972B879C4000CA0B5C /* ExploreSectionType.swift */ = {isa = PBXFileReference; lastKnownFileType = sourcecode.swift; path = ExploreSectionType.swift; sourceTree = "<group>"; };
		9FDF14992B879C5F00CA0B5C /* ExploreCell.swift */ = {isa = PBXFileReference; lastKnownFileType = sourcecode.swift; path = ExploreCell.swift; sourceTree = "<group>"; };
		9FDF149B2B879C7C00CA0B5C /* ExploreSection.swift */ = {isa = PBXFileReference; lastKnownFileType = sourcecode.swift; path = ExploreSection.swift; sourceTree = "<group>"; };
		9FDF149D2B879E1700CA0B5C /* ExploreBannerViewModel.swift */ = {isa = PBXFileReference; lastKnownFileType = sourcecode.swift; path = ExploreBannerViewModel.swift; sourceTree = "<group>"; };
		9FDF149F2B879E7500CA0B5C /* ExplorePostViewModel.swift */ = {isa = PBXFileReference; lastKnownFileType = sourcecode.swift; path = ExplorePostViewModel.swift; sourceTree = "<group>"; };
		9FDF14A12B879E8500CA0B5C /* ExploreHashtagViewModel.swift */ = {isa = PBXFileReference; lastKnownFileType = sourcecode.swift; path = ExploreHashtagViewModel.swift; sourceTree = "<group>"; };
		9FDF14A32B879E9A00CA0B5C /* ExploreUserViewModel.swift */ = {isa = PBXFileReference; lastKnownFileType = sourcecode.swift; path = ExploreUserViewModel.swift; sourceTree = "<group>"; };
		9FE1CC362B84C11800C87632 /* CommentTableViewCell.swift */ = {isa = PBXFileReference; lastKnownFileType = sourcecode.swift; path = CommentTableViewCell.swift; sourceTree = "<group>"; };
		9FE1CC382B84CC6200C87632 /* video.mp4 */ = {isa = PBXFileReference; lastKnownFileType = file; path = video.mp4; sourceTree = "<group>"; };
		9FED475A2B8C83D50063A9C5 /* ExploreBannerCollectionViewCell.swift */ = {isa = PBXFileReference; lastKnownFileType = sourcecode.swift; path = ExploreBannerCollectionViewCell.swift; sourceTree = "<group>"; };
		9FED475C2B8C83E40063A9C5 /* ExplorePostCollectionViewCell.swift */ = {isa = PBXFileReference; lastKnownFileType = sourcecode.swift; path = ExplorePostCollectionViewCell.swift; sourceTree = "<group>"; };
		9FED475E2B8C83F00063A9C5 /* ExploreUserCollectionViewCell.swift */ = {isa = PBXFileReference; lastKnownFileType = sourcecode.swift; path = ExploreUserCollectionViewCell.swift; sourceTree = "<group>"; };
		9FED47602B8C84030063A9C5 /* ExploreHashtagCollectionViewCell.swift */ = {isa = PBXFileReference; lastKnownFileType = sourcecode.swift; path = ExploreHashtagCollectionViewCell.swift; sourceTree = "<group>"; };
		9FED47622B8C953B0063A9C5 /* explore.json */ = {isa = PBXFileReference; fileEncoding = 4; lastKnownFileType = text.json; path = explore.json; sourceTree = "<group>"; };
		9FED47642B8C992B0063A9C5 /* ExploreManager.swift */ = {isa = PBXFileReference; lastKnownFileType = sourcecode.swift; path = ExploreManager.swift; sourceTree = "<group>"; };
		9FED47672B8C9B640063A9C5 /* ExploreResponse.swift */ = {isa = PBXFileReference; lastKnownFileType = sourcecode.swift; path = ExploreResponse.swift; sourceTree = "<group>"; };
		9FED47692B8C9C5E0063A9C5 /* Banner.swift */ = {isa = PBXFileReference; lastKnownFileType = sourcecode.swift; path = Banner.swift; sourceTree = "<group>"; };
		9FED476B2B8C9C770063A9C5 /* Post.swift */ = {isa = PBXFileReference; lastKnownFileType = sourcecode.swift; path = Post.swift; sourceTree = "<group>"; };
		9FED476D2B8C9C890063A9C5 /* Hashtag.swift */ = {isa = PBXFileReference; lastKnownFileType = sourcecode.swift; path = Hashtag.swift; sourceTree = "<group>"; };
		9FED476F2B8C9C990063A9C5 /* Creator.swift */ = {isa = PBXFileReference; lastKnownFileType = sourcecode.swift; path = Creator.swift; sourceTree = "<group>"; };
		9FED47712B8CB3E60063A9C5 /* TitleHeaderCollectionReusableView.swift */ = {isa = PBXFileReference; lastKnownFileType = sourcecode.swift; path = TitleHeaderCollectionReusableView.swift; sourceTree = "<group>"; };
		9FED47752B8DF9E20063A9C5 /* AuthField.swift */ = {isa = PBXFileReference; lastKnownFileType = sourcecode.swift; path = AuthField.swift; sourceTree = "<group>"; };
		9FED47772B8DFA030063A9C5 /* AuthButton.swift */ = {isa = PBXFileReference; lastKnownFileType = sourcecode.swift; path = AuthButton.swift; sourceTree = "<group>"; };
		B06E3B88F05C7E82008E2375 /* Pods-TikTok.release.xcconfig */ = {isa = PBXFileReference; includeInIndex = 1; lastKnownFileType = text.xcconfig; name = "Pods-TikTok.release.xcconfig"; path = "Target Support Files/Pods-TikTok/Pods-TikTok.release.xcconfig"; sourceTree = "<group>"; };
		CB25184E76F784BB99FC898A /* Pods-TikTok.debug.xcconfig */ = {isa = PBXFileReference; includeInIndex = 1; lastKnownFileType = text.xcconfig; name = "Pods-TikTok.debug.xcconfig"; path = "Target Support Files/Pods-TikTok/Pods-TikTok.debug.xcconfig"; sourceTree = "<group>"; };
		F0D01BA4F1A15A05D1BB0C7C /* Pods_TikTok.framework */ = {isa = PBXFileReference; explicitFileType = wrapper.framework; includeInIndex = 0; path = Pods_TikTok.framework; sourceTree = BUILT_PRODUCTS_DIR; };
/* End PBXFileReference section */

/* Begin PBXFrameworksBuildPhase section */
		9F13DBFB2B7A6599009202C7 /* Frameworks */ = {
			isa = PBXFrameworksBuildPhase;
			buildActionMask = 2147483647;
			files = (
				A7B01F7E2F33395B44EBB256 /* Pods_TikTok.framework in Frameworks */,
			);
			runOnlyForDeploymentPostprocessing = 0;
		};
		9F35443E2BA9D542005D341E /* Frameworks */ = {
			isa = PBXFrameworksBuildPhase;
			buildActionMask = 2147483647;
			files = (
				A83153164E21F597C122FB2E /* Pods_TikTokTests.framework in Frameworks */,
			);
			runOnlyForDeploymentPostprocessing = 0;
		};
/* End PBXFrameworksBuildPhase section */

/* Begin PBXGroup section */
		5CCA14607E98CEDBDAD780F4 /* Frameworks */ = {
			isa = PBXGroup;
			children = (
				F0D01BA4F1A15A05D1BB0C7C /* Pods_TikTok.framework */,
				923D4A662D5109A362E9483D /* Pods_TikTokTests.framework */,
			);
			name = Frameworks;
			sourceTree = "<group>";
		};
		84CB315A8697A532659C6BB0 /* Pods */ = {
			isa = PBXGroup;
			children = (
				CB25184E76F784BB99FC898A /* Pods-TikTok.debug.xcconfig */,
				B06E3B88F05C7E82008E2375 /* Pods-TikTok.release.xcconfig */,
				31FB8EE391AD002FC78922BA /* Pods-TikTokTests.debug.xcconfig */,
				5F81F1474CC64C730FB07AB9 /* Pods-TikTokTests.release.xcconfig */,
			);
			path = Pods;
			sourceTree = "<group>";
		};
		9F13DBF52B7A6599009202C7 = {
			isa = PBXGroup;
			children = (
				9F13DC002B7A6599009202C7 /* TikTok */,
				9F3544422BA9D542005D341E /* TikTokTests */,
				9F13DBFF2B7A6599009202C7 /* Products */,
				84CB315A8697A532659C6BB0 /* Pods */,
				5CCA14607E98CEDBDAD780F4 /* Frameworks */,
			);
			sourceTree = "<group>";
		};
		9F13DBFF2B7A6599009202C7 /* Products */ = {
			isa = PBXGroup;
			children = (
				9F13DBFE2B7A6599009202C7 /* TikTok.app */,
				9F3544412BA9D542005D341E /* TikTokTests.xctest */,
			);
			name = Products;
			sourceTree = "<group>";
		};
		9F13DC002B7A6599009202C7 /* TikTok */ = {
			isa = PBXGroup;
			children = (
				9F6BE5002B7B599200D4DA6A /* Managers */,
				9F6BE4FF2B7B598000D4DA6A /* ViewModels */,
				9F6BE4FE2B7B597200D4DA6A /* Models */,
				9F6BE4FD2B7B596100D4DA6A /* Views */,
				9F6BE4FC2B7B595400D4DA6A /* Controllers */,
				9F6BE4FB2B7B593900D4DA6A /* Resources */,
				9F13DC0F2B7A659C009202C7 /* Info.plist */,
			);
			path = TikTok;
			sourceTree = "<group>";
		};
		9F3544422BA9D542005D341E /* TikTokTests */ = {
			isa = PBXGroup;
			children = (
				9F3544432BA9D542005D341E /* TikTokTests.swift */,
			);
			path = TikTokTests;
			sourceTree = "<group>";
		};
		9F6BE4FB2B7B593900D4DA6A /* Resources */ = {
			isa = PBXGroup;
			children = (
				9FED47622B8C953B0063A9C5 /* explore.json */,
				9F13DC0A2B7A659B009202C7 /* Assets.xcassets */,
				9FE1CC382B84CC6200C87632 /* video.mp4 */,
				9F6BE5242B7B676F00D4DA6A /* GoogleService-Info.plist */,
				9F13DC012B7A6599009202C7 /* AppDelegate.swift */,
				9F13DC032B7A6599009202C7 /* SceneDelegate.swift */,
				9FD371392B7E0B25002ED893 /* Extensions.swift */,
			);
			path = Resources;
			sourceTree = "<group>";
		};
		9F6BE4FC2B7B595400D4DA6A /* Controllers */ = {
			isa = PBXGroup;
			children = (
				9F6BE5022B7B5C8E00D4DA6A /* Other */,
				9F6BE5012B7B5C8300D4DA6A /* Core */,
			);
			path = Controllers;
			sourceTree = "<group>";
		};
		9F6BE4FD2B7B596100D4DA6A /* Views */ = {
			isa = PBXGroup;
			children = (
				9FED47742B8DF9D60063A9C5 /* Auth */,
				9FED47572B8C83AB0063A9C5 /* Explore */,
				9F6BE5172B7B612100D4DA6A /* Other */,
				9F6BE5162B7B60EB00D4DA6A /* Storyboards */,
			);
			path = Views;
			sourceTree = "<group>";
		};
		9F6BE4FE2B7B597200D4DA6A /* Models */ = {
			isa = PBXGroup;
			children = (
				9FED47662B8C9B1F0063A9C5 /* Explore */,
				9FD3713B2B7E19DA002ED893 /* PostModel.swift */,
				9FD7B3442B8372680082E37C /* PostComment.swift */,
				9FD7B3462B8372A50082E37C /* User.swift */,
				9F9F17042B91D687004672F6 /* Notifications.swift */,
				9F3544332BA45859005D341E /* SettingsSection.swift */,
				9F35443B2BA72FE6005D341E /* SettingsOption.swift */,
			);
			path = Models;
			sourceTree = "<group>";
		};
		9F6BE4FF2B7B598000D4DA6A /* ViewModels */ = {
			isa = PBXGroup;
			children = (
				9FDF149D2B879E1700CA0B5C /* ExploreBannerViewModel.swift */,
				9FDF149F2B879E7500CA0B5C /* ExplorePostViewModel.swift */,
				9FDF14A12B879E8500CA0B5C /* ExploreHashtagViewModel.swift */,
				9FDF14A32B879E9A00CA0B5C /* ExploreUserViewModel.swift */,
				9F5E595D2B972511001FA8F9 /* ProfileHeaderViewModel.swift */,
				9F3544392BA46361005D341E /* SwitchCellViewModel.swift */,
			);
			path = ViewModels;
			sourceTree = "<group>";
		};
		9F6BE5002B7B599200D4DA6A /* Managers */ = {
			isa = PBXGroup;
			children = (
				9F6BE51C2B7B616C00D4DA6A /* StorageManager.swift */,
				9F6BE51E2B7B621700D4DA6A /* DatabaseManager.swift */,
				9F6BE5202B7B623800D4DA6A /* AuthenticationManager.swift */,
				9F6BE5222B7B625200D4DA6A /* HapticsManager.swift */,
				9FED47642B8C992B0063A9C5 /* ExploreManager.swift */,
			);
			path = Managers;
			sourceTree = "<group>";
		};
		9F6BE5012B7B5C8300D4DA6A /* Core */ = {
			isa = PBXGroup;
			children = (
				9F13DC052B7A6599009202C7 /* HomeViewController.swift */,
				9F6BE5032B7B5CAB00D4DA6A /* ExploreViewController.swift */,
				9F6BE5052B7B5CB700D4DA6A /* CameraViewController.swift */,
				9F6BE5082B7B5CD200D4DA6A /* NotificationsViewController.swift */,
				9F6BE50A2B7B5DD100D4DA6A /* ProfileViewController.swift */,
				9F6BE5142B7B5E4A00D4DA6A /* TabBarViewController.swift */,
			);
			path = Core;
			sourceTree = "<group>";
		};
		9F6BE5022B7B5C8E00D4DA6A /* Other */ = {
			isa = PBXGroup;
			children = (
				9FED47732B8DF4940063A9C5 /* Authentication */,
				9F6BE50C2B7B5DEA00D4DA6A /* UserListViewController.swift */,
				9F6BE5122B7B5E2000D4DA6A /* SettingsViewController.swift */,
				9F6BE5182B7B614700D4DA6A /* PostViewController.swift */,
				9FD7B3422B8363710082E37C /* CommentsViewController.swift */,
				9F706CFD2B90A52E002AE0B0 /* CaptionViewController.swift */,
				9F35442B2BA34D2C005D341E /* EditProfileViewController.swift */,
			);
			path = Other;
			sourceTree = "<group>";
		};
		9F6BE5162B7B60EB00D4DA6A /* Storyboards */ = {
			isa = PBXGroup;
			children = (
				9F13DC0C2B7A659B009202C7 /* LaunchScreen.storyboard */,
			);
			path = Storyboards;
			sourceTree = "<group>";
		};
		9F6BE5172B7B612100D4DA6A /* Other */ = {
			isa = PBXGroup;
			children = (
				9F9F17082B9214EB004672F6 /* Notifications */,
				9FE1CC362B84C11800C87632 /* CommentTableViewCell.swift */,
				9F706CFB2B909DAF002AE0B0 /* RecordButton.swift */,
				9F5E595B2B9724F0001FA8F9 /* ProfileHeaderCollectionReusableView.swift */,
				9F3544292BA30446005D341E /* PostCollectionViewCell.swift */,
				9F3544372BA4633F005D341E /* SwitchTableViewCell.swift */,
			);
			path = Other;
			sourceTree = "<group>";
		};
		9F9F17082B9214EB004672F6 /* Notifications */ = {
			isa = PBXGroup;
			children = (
				9F9F17092B921507004672F6 /* NotificationsUserFollowTableViewCell.swift */,
				9F9F170B2B92159C004672F6 /* NotificationsPostLikeTableViewCell.swift */,
				9F9F170D2B9215B1004672F6 /* NotificationsPostCommentTableViewCell.swift */,
			);
			path = Notifications;
			sourceTree = "<group>";
		};
		9FED47572B8C83AB0063A9C5 /* Explore */ = {
			isa = PBXGroup;
			children = (
				9FED475A2B8C83D50063A9C5 /* ExploreBannerCollectionViewCell.swift */,
				9FED475C2B8C83E40063A9C5 /* ExplorePostCollectionViewCell.swift */,
				9FED475E2B8C83F00063A9C5 /* ExploreUserCollectionViewCell.swift */,
				9FED47602B8C84030063A9C5 /* ExploreHashtagCollectionViewCell.swift */,
				9FED47712B8CB3E60063A9C5 /* TitleHeaderCollectionReusableView.swift */,
			);
			path = Explore;
			sourceTree = "<group>";
		};
		9FED47662B8C9B1F0063A9C5 /* Explore */ = {
			isa = PBXGroup;
			children = (
				9FDF14992B879C5F00CA0B5C /* ExploreCell.swift */,
				9FDF14972B879C4000CA0B5C /* ExploreSectionType.swift */,
				9FDF149B2B879C7C00CA0B5C /* ExploreSection.swift */,
				9FED47672B8C9B640063A9C5 /* ExploreResponse.swift */,
				9FED47692B8C9C5E0063A9C5 /* Banner.swift */,
				9FED476B2B8C9C770063A9C5 /* Post.swift */,
				9FED476D2B8C9C890063A9C5 /* Hashtag.swift */,
				9FED476F2B8C9C990063A9C5 /* Creator.swift */,
			);
			path = Explore;
			sourceTree = "<group>";
		};
		9FED47732B8DF4940063A9C5 /* Authentication */ = {
			isa = PBXGroup;
			children = (
				9F6BE50E2B7B5E0200D4DA6A /* SignInViewController.swift */,
				9F6BE5102B7B5E1200D4DA6A /* SignUpViewController.swift */,
			);
			path = Authentication;
			sourceTree = "<group>";
		};
		9FED47742B8DF9D60063A9C5 /* Auth */ = {
			isa = PBXGroup;
			children = (
				9FED47752B8DF9E20063A9C5 /* AuthField.swift */,
				9FED47772B8DFA030063A9C5 /* AuthButton.swift */,
			);
			path = Auth;
			sourceTree = "<group>";
		};
/* End PBXGroup section */

/* Begin PBXNativeTarget section */
		9F13DBFD2B7A6599009202C7 /* TikTok */ = {
			isa = PBXNativeTarget;
			buildConfigurationList = 9F13DC122B7A659C009202C7 /* Build configuration list for PBXNativeTarget "TikTok" */;
			buildPhases = (
				F114B753489F1A2E36367980 /* [CP] Check Pods Manifest.lock */,
				9F13DBFA2B7A6599009202C7 /* Sources */,
				9F13DBFB2B7A6599009202C7 /* Frameworks */,
				9F13DBFC2B7A6599009202C7 /* Resources */,
				9F6BE5262B7B6C9E00D4DA6A /* ShellScript */,
				7D6CED62C1DBDE71C1175793 /* [CP] Embed Pods Frameworks */,
			);
			buildRules = (
			);
			dependencies = (
			);
			name = TikTok;
			productName = TikTok;
			productReference = 9F13DBFE2B7A6599009202C7 /* TikTok.app */;
			productType = "com.apple.product-type.application";
		};
		9F3544402BA9D542005D341E /* TikTokTests */ = {
			isa = PBXNativeTarget;
			buildConfigurationList = 9F3544492BA9D542005D341E /* Build configuration list for PBXNativeTarget "TikTokTests" */;
			buildPhases = (
				6CBEE1986234FEA4158B3A01 /* [CP] Check Pods Manifest.lock */,
				9F35443D2BA9D542005D341E /* Sources */,
				9F35443E2BA9D542005D341E /* Frameworks */,
				9F35443F2BA9D542005D341E /* Resources */,
				41965A2D51B713F40D9818AC /* [CP] Embed Pods Frameworks */,
			);
			buildRules = (
			);
			dependencies = (
				9F3544462BA9D542005D341E /* PBXTargetDependency */,
			);
			name = TikTokTests;
			productName = TikTokTests;
			productReference = 9F3544412BA9D542005D341E /* TikTokTests.xctest */;
			productType = "com.apple.product-type.bundle.unit-test";
		};
/* End PBXNativeTarget section */

/* Begin PBXProject section */
		9F13DBF62B7A6599009202C7 /* Project object */ = {
			isa = PBXProject;
			attributes = {
				BuildIndependentTargetsInParallel = 1;
				LastSwiftUpdateCheck = 1520;
				LastUpgradeCheck = 1520;
				TargetAttributes = {
					9F13DBFD2B7A6599009202C7 = {
						CreatedOnToolsVersion = 15.2;
					};
					9F3544402BA9D542005D341E = {
						CreatedOnToolsVersion = 15.2;
						TestTargetID = 9F13DBFD2B7A6599009202C7;
					};
				};
			};
			buildConfigurationList = 9F13DBF92B7A6599009202C7 /* Build configuration list for PBXProject "TikTok" */;
			compatibilityVersion = "Xcode 14.0";
			developmentRegion = en;
			hasScannedForEncodings = 0;
			knownRegions = (
				en,
				Base,
			);
			mainGroup = 9F13DBF52B7A6599009202C7;
			productRefGroup = 9F13DBFF2B7A6599009202C7 /* Products */;
			projectDirPath = "";
			projectRoot = "";
			targets = (
				9F13DBFD2B7A6599009202C7 /* TikTok */,
				9F3544402BA9D542005D341E /* TikTokTests */,
			);
		};
/* End PBXProject section */

/* Begin PBXResourcesBuildPhase section */
		9F13DBFC2B7A6599009202C7 /* Resources */ = {
			isa = PBXResourcesBuildPhase;
			buildActionMask = 2147483647;
			files = (
				9FED47632B8C953B0063A9C5 /* explore.json in Resources */,
				9F13DC0E2B7A659B009202C7 /* LaunchScreen.storyboard in Resources */,
				9F13DC0B2B7A659B009202C7 /* Assets.xcassets in Resources */,
				9F6BE5252B7B676F00D4DA6A /* GoogleService-Info.plist in Resources */,
				9FE1CC392B84CC6200C87632 /* video.mp4 in Resources */,
			);
			runOnlyForDeploymentPostprocessing = 0;
		};
		9F35443F2BA9D542005D341E /* Resources */ = {
			isa = PBXResourcesBuildPhase;
			buildActionMask = 2147483647;
			files = (
			);
			runOnlyForDeploymentPostprocessing = 0;
		};
/* End PBXResourcesBuildPhase section */

/* Begin PBXShellScriptBuildPhase section */
		41965A2D51B713F40D9818AC /* [CP] Embed Pods Frameworks */ = {
			isa = PBXShellScriptBuildPhase;
			buildActionMask = 2147483647;
			files = (
			);
			inputFileListPaths = (
				"${PODS_ROOT}/Target Support Files/Pods-TikTokTests/Pods-TikTokTests-frameworks-${CONFIGURATION}-input-files.xcfilelist",
			);
			name = "[CP] Embed Pods Frameworks";
			outputFileListPaths = (
				"${PODS_ROOT}/Target Support Files/Pods-TikTokTests/Pods-TikTokTests-frameworks-${CONFIGURATION}-output-files.xcfilelist",
			);
			runOnlyForDeploymentPostprocessing = 0;
			shellPath = /bin/sh;
			shellScript = "\"${PODS_ROOT}/Target Support Files/Pods-TikTokTests/Pods-TikTokTests-frameworks.sh\"\n";
			showEnvVarsInLog = 0;
		};
		6CBEE1986234FEA4158B3A01 /* [CP] Check Pods Manifest.lock */ = {
			isa = PBXShellScriptBuildPhase;
			buildActionMask = 2147483647;
			files = (
			);
			inputFileListPaths = (
			);
			inputPaths = (
				"${PODS_PODFILE_DIR_PATH}/Podfile.lock",
				"${PODS_ROOT}/Manifest.lock",
			);
			name = "[CP] Check Pods Manifest.lock";
			outputFileListPaths = (
			);
			outputPaths = (
				"$(DERIVED_FILE_DIR)/Pods-TikTokTests-checkManifestLockResult.txt",
			);
			runOnlyForDeploymentPostprocessing = 0;
			shellPath = /bin/sh;
			shellScript = "diff \"${PODS_PODFILE_DIR_PATH}/Podfile.lock\" \"${PODS_ROOT}/Manifest.lock\" > /dev/null\nif [ $? != 0 ] ; then\n    # print error to STDERR\n    echo \"error: The sandbox is not in sync with the Podfile.lock. Run 'pod install' or update your CocoaPods installation.\" >&2\n    exit 1\nfi\n# This output is used by Xcode 'outputs' to avoid re-running this script phase.\necho \"SUCCESS\" > \"${SCRIPT_OUTPUT_FILE_0}\"\n";
			showEnvVarsInLog = 0;
		};
		7D6CED62C1DBDE71C1175793 /* [CP] Embed Pods Frameworks */ = {
			isa = PBXShellScriptBuildPhase;
			buildActionMask = 2147483647;
			files = (
			);
			inputFileListPaths = (
				"${PODS_ROOT}/Target Support Files/Pods-TikTok/Pods-TikTok-frameworks-${CONFIGURATION}-input-files.xcfilelist",
			);
			name = "[CP] Embed Pods Frameworks";
			outputFileListPaths = (
				"${PODS_ROOT}/Target Support Files/Pods-TikTok/Pods-TikTok-frameworks-${CONFIGURATION}-output-files.xcfilelist",
			);
			runOnlyForDeploymentPostprocessing = 0;
			shellPath = /bin/sh;
			shellScript = "\"${PODS_ROOT}/Target Support Files/Pods-TikTok/Pods-TikTok-frameworks.sh\"\n";
			showEnvVarsInLog = 0;
		};
		9F6BE5262B7B6C9E00D4DA6A /* ShellScript */ = {
			isa = PBXShellScriptBuildPhase;
			buildActionMask = 2147483647;
			files = (
			);
			inputFileListPaths = (
			);
			inputPaths = (
			);
			outputFileListPaths = (
			);
			outputPaths = (
			);
			runOnlyForDeploymentPostprocessing = 0;
			shellPath = /bin/sh;
			shellScript = "\"${PODS_ROOT}/FirebaseCrashlytics/run\"\n";
		};
		F114B753489F1A2E36367980 /* [CP] Check Pods Manifest.lock */ = {
			isa = PBXShellScriptBuildPhase;
			buildActionMask = 2147483647;
			files = (
			);
			inputFileListPaths = (
			);
			inputPaths = (
				"${PODS_PODFILE_DIR_PATH}/Podfile.lock",
				"${PODS_ROOT}/Manifest.lock",
			);
			name = "[CP] Check Pods Manifest.lock";
			outputFileListPaths = (
			);
			outputPaths = (
				"$(DERIVED_FILE_DIR)/Pods-TikTok-checkManifestLockResult.txt",
			);
			runOnlyForDeploymentPostprocessing = 0;
			shellPath = /bin/sh;
			shellScript = "diff \"${PODS_PODFILE_DIR_PATH}/Podfile.lock\" \"${PODS_ROOT}/Manifest.lock\" > /dev/null\nif [ $? != 0 ] ; then\n    # print error to STDERR\n    echo \"error: The sandbox is not in sync with the Podfile.lock. Run 'pod install' or update your CocoaPods installation.\" >&2\n    exit 1\nfi\n# This output is used by Xcode 'outputs' to avoid re-running this script phase.\necho \"SUCCESS\" > \"${SCRIPT_OUTPUT_FILE_0}\"\n";
			showEnvVarsInLog = 0;
		};
/* End PBXShellScriptBuildPhase section */

/* Begin PBXSourcesBuildPhase section */
		9F13DBFA2B7A6599009202C7 /* Sources */ = {
			isa = PBXSourcesBuildPhase;
			buildActionMask = 2147483647;
			files = (
				9F6BE5232B7B625200D4DA6A /* HapticsManager.swift in Sources */,
				9F9F170E2B9215B1004672F6 /* NotificationsPostCommentTableViewCell.swift in Sources */,
				9FD3713A2B7E0B25002ED893 /* Extensions.swift in Sources */,
				9F6BE51F2B7B621700D4DA6A /* DatabaseManager.swift in Sources */,
				9FE1CC372B84C11800C87632 /* CommentTableViewCell.swift in Sources */,
				9F6BE5042B7B5CAB00D4DA6A /* ExploreViewController.swift in Sources */,
				9FED475F2B8C83F00063A9C5 /* ExploreUserCollectionViewCell.swift in Sources */,
				9FDF149C2B879C7C00CA0B5C /* ExploreSection.swift in Sources */,
				9F6BE50D2B7B5DEA00D4DA6A /* UserListViewController.swift in Sources */,
				9F3544382BA4633F005D341E /* SwitchTableViewCell.swift in Sources */,
				9FDF14A22B879E8500CA0B5C /* ExploreHashtagViewModel.swift in Sources */,
				9F6BE5132B7B5E2000D4DA6A /* SettingsViewController.swift in Sources */,
				9FED475B2B8C83D50063A9C5 /* ExploreBannerCollectionViewCell.swift in Sources */,
				9F5E595C2B9724F0001FA8F9 /* ProfileHeaderCollectionReusableView.swift in Sources */,
				9F6BE5192B7B614700D4DA6A /* PostViewController.swift in Sources */,
				9FED47652B8C992B0063A9C5 /* ExploreManager.swift in Sources */,
				9F6BE5062B7B5CB700D4DA6A /* CameraViewController.swift in Sources */,
				9FDF14A02B879E7500CA0B5C /* ExplorePostViewModel.swift in Sources */,
				9FD7B3432B8363710082E37C /* CommentsViewController.swift in Sources */,
				9FDF149A2B879C5F00CA0B5C /* ExploreCell.swift in Sources */,
				9FDF149E2B879E1700CA0B5C /* ExploreBannerViewModel.swift in Sources */,
				9FED47762B8DF9E20063A9C5 /* AuthField.swift in Sources */,
				9F9F170A2B921507004672F6 /* NotificationsUserFollowTableViewCell.swift in Sources */,
				9F706CFE2B90A52E002AE0B0 /* CaptionViewController.swift in Sources */,
				9FED47722B8CB3E60063A9C5 /* TitleHeaderCollectionReusableView.swift in Sources */,
				9F3544342BA45859005D341E /* SettingsSection.swift in Sources */,
				9FED47612B8C84030063A9C5 /* ExploreHashtagCollectionViewCell.swift in Sources */,
				9FDF14A42B879E9A00CA0B5C /* ExploreUserViewModel.swift in Sources */,
				9F6BE5152B7B5E4A00D4DA6A /* TabBarViewController.swift in Sources */,
				9FD7B3472B8372A50082E37C /* User.swift in Sources */,
				9F13DC062B7A6599009202C7 /* HomeViewController.swift in Sources */,
				9F9F170C2B92159C004672F6 /* NotificationsPostLikeTableViewCell.swift in Sources */,
				9F6BE5112B7B5E1200D4DA6A /* SignUpViewController.swift in Sources */,
				9F6BE5212B7B623800D4DA6A /* AuthenticationManager.swift in Sources */,
				9F6BE5092B7B5CD200D4DA6A /* NotificationsViewController.swift in Sources */,
				9F35442C2BA34D2C005D341E /* EditProfileViewController.swift in Sources */,
				9F706CFC2B909DAF002AE0B0 /* RecordButton.swift in Sources */,
				9FED47682B8C9B640063A9C5 /* ExploreResponse.swift in Sources */,
				9F35443C2BA72FE7005D341E /* SettingsOption.swift in Sources */,
				9FD7B3452B8372680082E37C /* PostComment.swift in Sources */,
				9FED47782B8DFA030063A9C5 /* AuthButton.swift in Sources */,
				9FED476E2B8C9C890063A9C5 /* Hashtag.swift in Sources */,
				9F35443A2BA46361005D341E /* SwitchCellViewModel.swift in Sources */,
				9FDF14982B879C4000CA0B5C /* ExploreSectionType.swift in Sources */,
				9F6BE50F2B7B5E0200D4DA6A /* SignInViewController.swift in Sources */,
				9FED475D2B8C83E40063A9C5 /* ExplorePostCollectionViewCell.swift in Sources */,
				9FED47702B8C9C990063A9C5 /* Creator.swift in Sources */,
				9FD3713C2B7E19DA002ED893 /* PostModel.swift in Sources */,
				9F6BE50B2B7B5DD100D4DA6A /* ProfileViewController.swift in Sources */,
				9F5E595E2B972511001FA8F9 /* ProfileHeaderViewModel.swift in Sources */,
				9F6BE51D2B7B616C00D4DA6A /* StorageManager.swift in Sources */,
				9F13DC022B7A6599009202C7 /* AppDelegate.swift in Sources */,
				9F9F17052B91D687004672F6 /* Notifications.swift in Sources */,
				9F35442A2BA30446005D341E /* PostCollectionViewCell.swift in Sources */,
				9FED476C2B8C9C770063A9C5 /* Post.swift in Sources */,
				9FED476A2B8C9C5E0063A9C5 /* Banner.swift in Sources */,
				9F13DC042B7A6599009202C7 /* SceneDelegate.swift in Sources */,
			);
			runOnlyForDeploymentPostprocessing = 0;
		};
		9F35443D2BA9D542005D341E /* Sources */ = {
			isa = PBXSourcesBuildPhase;
			buildActionMask = 2147483647;
			files = (
				9F3544442BA9D542005D341E /* TikTokTests.swift in Sources */,
			);
			runOnlyForDeploymentPostprocessing = 0;
		};
/* End PBXSourcesBuildPhase section */

/* Begin PBXTargetDependency section */
		9F3544462BA9D542005D341E /* PBXTargetDependency */ = {
			isa = PBXTargetDependency;
			target = 9F13DBFD2B7A6599009202C7 /* TikTok */;
			targetProxy = 9F3544452BA9D542005D341E /* PBXContainerItemProxy */;
		};
/* End PBXTargetDependency section */

/* Begin PBXVariantGroup section */
		9F13DC0C2B7A659B009202C7 /* LaunchScreen.storyboard */ = {
			isa = PBXVariantGroup;
			children = (
				9F13DC0D2B7A659B009202C7 /* Base */,
			);
			name = LaunchScreen.storyboard;
			sourceTree = "<group>";
		};
/* End PBXVariantGroup section */

/* Begin XCBuildConfiguration section */
		9F13DC102B7A659C009202C7 /* Debug */ = {
			isa = XCBuildConfiguration;
			buildSettings = {
				ALWAYS_SEARCH_USER_PATHS = NO;
				ASSETCATALOG_COMPILER_GENERATE_SWIFT_ASSET_SYMBOL_EXTENSIONS = YES;
				CLANG_ANALYZER_NONNULL = YES;
				CLANG_ANALYZER_NUMBER_OBJECT_CONVERSION = YES_AGGRESSIVE;
				CLANG_CXX_LANGUAGE_STANDARD = "gnu++20";
				CLANG_ENABLE_MODULES = YES;
				CLANG_ENABLE_OBJC_ARC = YES;
				CLANG_ENABLE_OBJC_WEAK = YES;
				CLANG_WARN_BLOCK_CAPTURE_AUTORELEASING = YES;
				CLANG_WARN_BOOL_CONVERSION = YES;
				CLANG_WARN_COMMA = YES;
				CLANG_WARN_CONSTANT_CONVERSION = YES;
				CLANG_WARN_DEPRECATED_OBJC_IMPLEMENTATIONS = YES;
				CLANG_WARN_DIRECT_OBJC_ISA_USAGE = YES_ERROR;
				CLANG_WARN_DOCUMENTATION_COMMENTS = YES;
				CLANG_WARN_EMPTY_BODY = YES;
				CLANG_WARN_ENUM_CONVERSION = YES;
				CLANG_WARN_INFINITE_RECURSION = YES;
				CLANG_WARN_INT_CONVERSION = YES;
				CLANG_WARN_NON_LITERAL_NULL_CONVERSION = YES;
				CLANG_WARN_OBJC_IMPLICIT_RETAIN_SELF = YES;
				CLANG_WARN_OBJC_LITERAL_CONVERSION = YES;
				CLANG_WARN_OBJC_ROOT_CLASS = YES_ERROR;
				CLANG_WARN_QUOTED_INCLUDE_IN_FRAMEWORK_HEADER = YES;
				CLANG_WARN_RANGE_LOOP_ANALYSIS = YES;
				CLANG_WARN_STRICT_PROTOTYPES = YES;
				CLANG_WARN_SUSPICIOUS_MOVE = YES;
				CLANG_WARN_UNGUARDED_AVAILABILITY = YES_AGGRESSIVE;
				CLANG_WARN_UNREACHABLE_CODE = YES;
				CLANG_WARN__DUPLICATE_METHOD_MATCH = YES;
				COPY_PHASE_STRIP = NO;
				DEBUG_INFORMATION_FORMAT = dwarf;
				ENABLE_STRICT_OBJC_MSGSEND = YES;
				ENABLE_TESTABILITY = YES;
				ENABLE_USER_SCRIPT_SANDBOXING = NO;
				GCC_C_LANGUAGE_STANDARD = gnu17;
				GCC_DYNAMIC_NO_PIC = NO;
				GCC_NO_COMMON_BLOCKS = YES;
				GCC_OPTIMIZATION_LEVEL = 0;
				GCC_PREPROCESSOR_DEFINITIONS = (
					"DEBUG=1",
					"$(inherited)",
				);
				GCC_WARN_64_TO_32_BIT_CONVERSION = YES;
				GCC_WARN_ABOUT_RETURN_TYPE = YES_ERROR;
				GCC_WARN_UNDECLARED_SELECTOR = YES;
				GCC_WARN_UNINITIALIZED_AUTOS = YES_AGGRESSIVE;
				GCC_WARN_UNUSED_FUNCTION = YES;
				GCC_WARN_UNUSED_VARIABLE = YES;
				IPHONEOS_DEPLOYMENT_TARGET = 15.0;
				LOCALIZATION_PREFERS_STRING_CATALOGS = YES;
				MTL_ENABLE_DEBUG_INFO = INCLUDE_SOURCE;
				MTL_FAST_MATH = YES;
				ONLY_ACTIVE_ARCH = YES;
				SDKROOT = iphoneos;
				SWIFT_ACTIVE_COMPILATION_CONDITIONS = "DEBUG $(inherited)";
				SWIFT_OPTIMIZATION_LEVEL = "-Onone";
			};
			name = Debug;
		};
		9F13DC112B7A659C009202C7 /* Release */ = {
			isa = XCBuildConfiguration;
			buildSettings = {
				ALWAYS_SEARCH_USER_PATHS = NO;
				ASSETCATALOG_COMPILER_GENERATE_SWIFT_ASSET_SYMBOL_EXTENSIONS = YES;
				CLANG_ANALYZER_NONNULL = YES;
				CLANG_ANALYZER_NUMBER_OBJECT_CONVERSION = YES_AGGRESSIVE;
				CLANG_CXX_LANGUAGE_STANDARD = "gnu++20";
				CLANG_ENABLE_MODULES = YES;
				CLANG_ENABLE_OBJC_ARC = YES;
				CLANG_ENABLE_OBJC_WEAK = YES;
				CLANG_WARN_BLOCK_CAPTURE_AUTORELEASING = YES;
				CLANG_WARN_BOOL_CONVERSION = YES;
				CLANG_WARN_COMMA = YES;
				CLANG_WARN_CONSTANT_CONVERSION = YES;
				CLANG_WARN_DEPRECATED_OBJC_IMPLEMENTATIONS = YES;
				CLANG_WARN_DIRECT_OBJC_ISA_USAGE = YES_ERROR;
				CLANG_WARN_DOCUMENTATION_COMMENTS = YES;
				CLANG_WARN_EMPTY_BODY = YES;
				CLANG_WARN_ENUM_CONVERSION = YES;
				CLANG_WARN_INFINITE_RECURSION = YES;
				CLANG_WARN_INT_CONVERSION = YES;
				CLANG_WARN_NON_LITERAL_NULL_CONVERSION = YES;
				CLANG_WARN_OBJC_IMPLICIT_RETAIN_SELF = YES;
				CLANG_WARN_OBJC_LITERAL_CONVERSION = YES;
				CLANG_WARN_OBJC_ROOT_CLASS = YES_ERROR;
				CLANG_WARN_QUOTED_INCLUDE_IN_FRAMEWORK_HEADER = YES;
				CLANG_WARN_RANGE_LOOP_ANALYSIS = YES;
				CLANG_WARN_STRICT_PROTOTYPES = YES;
				CLANG_WARN_SUSPICIOUS_MOVE = YES;
				CLANG_WARN_UNGUARDED_AVAILABILITY = YES_AGGRESSIVE;
				CLANG_WARN_UNREACHABLE_CODE = YES;
				CLANG_WARN__DUPLICATE_METHOD_MATCH = YES;
				COPY_PHASE_STRIP = NO;
				DEBUG_INFORMATION_FORMAT = "dwarf-with-dsym";
				ENABLE_NS_ASSERTIONS = NO;
				ENABLE_STRICT_OBJC_MSGSEND = YES;
				ENABLE_USER_SCRIPT_SANDBOXING = NO;
				GCC_C_LANGUAGE_STANDARD = gnu17;
				GCC_NO_COMMON_BLOCKS = YES;
				GCC_WARN_64_TO_32_BIT_CONVERSION = YES;
				GCC_WARN_ABOUT_RETURN_TYPE = YES_ERROR;
				GCC_WARN_UNDECLARED_SELECTOR = YES;
				GCC_WARN_UNINITIALIZED_AUTOS = YES_AGGRESSIVE;
				GCC_WARN_UNUSED_FUNCTION = YES;
				GCC_WARN_UNUSED_VARIABLE = YES;
				IPHONEOS_DEPLOYMENT_TARGET = 15.0;
				LOCALIZATION_PREFERS_STRING_CATALOGS = YES;
				MTL_ENABLE_DEBUG_INFO = NO;
				MTL_FAST_MATH = YES;
				SDKROOT = iphoneos;
				SWIFT_COMPILATION_MODE = wholemodule;
				VALIDATE_PRODUCT = YES;
			};
			name = Release;
		};
		9F13DC132B7A659C009202C7 /* Debug */ = {
			isa = XCBuildConfiguration;
			baseConfigurationReference = CB25184E76F784BB99FC898A /* Pods-TikTok.debug.xcconfig */;
			buildSettings = {
				ASSETCATALOG_COMPILER_APPICON_NAME = AppIcon;
				ASSETCATALOG_COMPILER_GLOBAL_ACCENT_COLOR_NAME = AccentColor;
				CODE_SIGN_STYLE = Automatic;
				CURRENT_PROJECT_VERSION = 1;
				DEVELOPMENT_TEAM = M5S2899J9B;
				GENERATE_INFOPLIST_FILE = YES;
				INFOPLIST_FILE = TikTok/Info.plist;
				INFOPLIST_KEY_CFBundleDisplayName = TikTok;
				INFOPLIST_KEY_UIApplicationSupportsIndirectInputEvents = YES;
				INFOPLIST_KEY_UILaunchStoryboardName = LaunchScreen;
				INFOPLIST_KEY_UIMainStoryboardFile = "";
				INFOPLIST_KEY_UISupportedInterfaceOrientations = UIInterfaceOrientationPortrait;
				INFOPLIST_KEY_UISupportedInterfaceOrientations_iPad = "UIInterfaceOrientationLandscapeLeft UIInterfaceOrientationLandscapeRight UIInterfaceOrientationPortrait UIInterfaceOrientationPortraitUpsideDown";
				IPHONEOS_DEPLOYMENT_TARGET = 15.0;
				LD_RUNPATH_SEARCH_PATHS = (
					"$(inherited)",
					"@executable_path/Frameworks",
				);
				MARKETING_VERSION = 1.0;
				PRODUCT_BUNDLE_IDENTIFIER = wwwwwopq8e90d8cg.TikTok;
				PRODUCT_NAME = "$(TARGET_NAME)";
				SUPPORTED_PLATFORMS = "iphoneos iphonesimulator";
				SUPPORTS_MACCATALYST = NO;
				SUPPORTS_MAC_DESIGNED_FOR_IPHONE_IPAD = NO;
				SUPPORTS_XR_DESIGNED_FOR_IPHONE_IPAD = NO;
				SWIFT_EMIT_LOC_STRINGS = YES;
				SWIFT_VERSION = 5.0;
				TARGETED_DEVICE_FAMILY = 1;
			};
			name = Debug;
		};
		9F13DC142B7A659C009202C7 /* Release */ = {
			isa = XCBuildConfiguration;
			baseConfigurationReference = B06E3B88F05C7E82008E2375 /* Pods-TikTok.release.xcconfig */;
			buildSettings = {
				ASSETCATALOG_COMPILER_APPICON_NAME = AppIcon;
				ASSETCATALOG_COMPILER_GLOBAL_ACCENT_COLOR_NAME = AccentColor;
				CODE_SIGN_STYLE = Automatic;
				CURRENT_PROJECT_VERSION = 1;
				DEVELOPMENT_TEAM = M5S2899J9B;
				GENERATE_INFOPLIST_FILE = YES;
				INFOPLIST_FILE = TikTok/Info.plist;
				INFOPLIST_KEY_CFBundleDisplayName = TikTok;
				INFOPLIST_KEY_UIApplicationSupportsIndirectInputEvents = YES;
				INFOPLIST_KEY_UILaunchStoryboardName = LaunchScreen;
				INFOPLIST_KEY_UIMainStoryboardFile = "";
				INFOPLIST_KEY_UISupportedInterfaceOrientations = UIInterfaceOrientationPortrait;
				INFOPLIST_KEY_UISupportedInterfaceOrientations_iPad = "UIInterfaceOrientationLandscapeLeft UIInterfaceOrientationLandscapeRight UIInterfaceOrientationPortrait UIInterfaceOrientationPortraitUpsideDown";
				IPHONEOS_DEPLOYMENT_TARGET = 15.0;
				LD_RUNPATH_SEARCH_PATHS = (
					"$(inherited)",
					"@executable_path/Frameworks",
				);
				MARKETING_VERSION = 1.0;
				PRODUCT_BUNDLE_IDENTIFIER = wwwwwopq8e90d8cg.TikTok;
				PRODUCT_NAME = "$(TARGET_NAME)";
				SUPPORTED_PLATFORMS = "iphoneos iphonesimulator";
				SUPPORTS_MACCATALYST = NO;
				SUPPORTS_MAC_DESIGNED_FOR_IPHONE_IPAD = NO;
				SUPPORTS_XR_DESIGNED_FOR_IPHONE_IPAD = NO;
				SWIFT_EMIT_LOC_STRINGS = YES;
				SWIFT_VERSION = 5.0;
				TARGETED_DEVICE_FAMILY = 1;
			};
			name = Release;
		};
		9F3544472BA9D542005D341E /* Debug */ = {
			isa = XCBuildConfiguration;
			baseConfigurationReference = 31FB8EE391AD002FC78922BA /* Pods-TikTokTests.debug.xcconfig */;
			buildSettings = {
				BUNDLE_LOADER = "$(TEST_HOST)";
				CODE_SIGN_STYLE = Automatic;
				CURRENT_PROJECT_VERSION = 1;
				DEVELOPMENT_TEAM = M5S2899J9B;
				ENABLE_USER_SCRIPT_SANDBOXING = NO;
				GENERATE_INFOPLIST_FILE = YES;
				MARKETING_VERSION = 1.0;
				PRODUCT_BUNDLE_IDENTIFIER = wwwwwopq8e90d8cg.TikTokTests;
				PRODUCT_NAME = "$(TARGET_NAME)";
				SUPPORTED_PLATFORMS = "iphoneos iphonesimulator";
				SUPPORTS_MACCATALYST = NO;
				SUPPORTS_MAC_DESIGNED_FOR_IPHONE_IPAD = NO;
				SUPPORTS_XR_DESIGNED_FOR_IPHONE_IPAD = NO;
				SWIFT_EMIT_LOC_STRINGS = NO;
				SWIFT_VERSION = 5.0;
				TARGETED_DEVICE_FAMILY = 1;
				TEST_HOST = "$(BUILT_PRODUCTS_DIR)/TikTok.app/$(BUNDLE_EXECUTABLE_FOLDER_PATH)/TikTok";
			};
			name = Debug;
		};
		9F3544482BA9D542005D341E /* Release */ = {
			isa = XCBuildConfiguration;
			baseConfigurationReference = 5F81F1474CC64C730FB07AB9 /* Pods-TikTokTests.release.xcconfig */;
			buildSettings = {
				BUNDLE_LOADER = "$(TEST_HOST)";
				CODE_SIGN_STYLE = Automatic;
				CURRENT_PROJECT_VERSION = 1;
				DEVELOPMENT_TEAM = M5S2899J9B;
				ENABLE_USER_SCRIPT_SANDBOXING = NO;
				GENERATE_INFOPLIST_FILE = YES;
				MARKETING_VERSION = 1.0;
				PRODUCT_BUNDLE_IDENTIFIER = wwwwwopq8e90d8cg.TikTokTests;
				PRODUCT_NAME = "$(TARGET_NAME)";
				SUPPORTED_PLATFORMS = "iphoneos iphonesimulator";
				SUPPORTS_MACCATALYST = NO;
				SUPPORTS_MAC_DESIGNED_FOR_IPHONE_IPAD = NO;
				SUPPORTS_XR_DESIGNED_FOR_IPHONE_IPAD = NO;
				SWIFT_EMIT_LOC_STRINGS = NO;
				SWIFT_VERSION = 5.0;
				TARGETED_DEVICE_FAMILY = 1;
				TEST_HOST = "$(BUILT_PRODUCTS_DIR)/TikTok.app/$(BUNDLE_EXECUTABLE_FOLDER_PATH)/TikTok";
			};
			name = Release;
		};
/* End XCBuildConfiguration section */

/* Begin XCConfigurationList section */
		9F13DBF92B7A6599009202C7 /* Build configuration list for PBXProject "TikTok" */ = {
			isa = XCConfigurationList;
			buildConfigurations = (
				9F13DC102B7A659C009202C7 /* Debug */,
				9F13DC112B7A659C009202C7 /* Release */,
			);
			defaultConfigurationIsVisible = 0;
			defaultConfigurationName = Release;
		};
		9F13DC122B7A659C009202C7 /* Build configuration list for PBXNativeTarget "TikTok" */ = {
			isa = XCConfigurationList;
			buildConfigurations = (
				9F13DC132B7A659C009202C7 /* Debug */,
				9F13DC142B7A659C009202C7 /* Release */,
			);
			defaultConfigurationIsVisible = 0;
			defaultConfigurationName = Release;
		};
		9F3544492BA9D542005D341E /* Build configuration list for PBXNativeTarget "TikTokTests" */ = {
			isa = XCConfigurationList;
			buildConfigurations = (
				9F3544472BA9D542005D341E /* Debug */,
				9F3544482BA9D542005D341E /* Release */,
			);
			defaultConfigurationIsVisible = 0;
			defaultConfigurationName = Release;
		};
/* End XCConfigurationList section */
	};
	rootObject = 9F13DBF62B7A6599009202C7 /* Project object */;
}
